
Microsoft Visual Studio Solution File, Format Version 12.00
# Visual Studio 2013
VisualStudioVersion = 12.0.31101.0
MinimumVisualStudioVersion = 10.0.40219.1
Project("{8BC9CEB8-8B4A-11D0-8D11-00A0C91BC942}") = "wxMacMolPlt_vc13", "wxMacMolPlt.vcxproj", "{F86B1C8B-B1FB-48B4-B145-DF0CA94DD026}"
EndProject
Project("{6141683F-8A12-4E36-9623-2EB02B2C2303}") = "VS13_deployment", "VS14-installer\VS13_deployment\VS13_deployment.isproj", "{4A9B92E6-9483-4B77-B56D-4BF58AA85179}"
EndProject
Global
	GlobalSection(SolutionConfigurationPlatforms) = preSolution
		CD_ROM|Win32 = CD_ROM|Win32
		CD_ROM|x64 = CD_ROM|x64
		Debug|Win32 = Debug|Win32
		Debug|x64 = Debug|x64
		DVD-5|Win32 = DVD-5|Win32
		DVD-5|x64 = DVD-5|x64
		Release|Win32 = Release|Win32
		Release|x64 = Release|x64
		SingleImage|Win32 = SingleImage|Win32
		SingleImage|x64 = SingleImage|x64
	EndGlobalSection
	GlobalSection(ProjectConfigurationPlatforms) = postSolution
		{F86B1C8B-B1FB-48B4-B145-DF0CA94DD026}.CD_ROM|Win32.ActiveCfg = Release|Win32
		{F86B1C8B-B1FB-48B4-B145-DF0CA94DD026}.CD_ROM|Win32.Build.0 = Release|Win32
		{F86B1C8B-B1FB-48B4-B145-DF0CA94DD026}.CD_ROM|x64.ActiveCfg = Release|x64
		{F86B1C8B-B1FB-48B4-B145-DF0CA94DD026}.CD_ROM|x64.Build.0 = Release|x64
		{F86B1C8B-B1FB-48B4-B145-DF0CA94DD026}.Debug|Win32.ActiveCfg = Debug|Win32
		{F86B1C8B-B1FB-48B4-B145-DF0CA94DD026}.Debug|Win32.Build.0 = Debug|Win32
		{F86B1C8B-B1FB-48B4-B145-DF0CA94DD026}.Debug|x64.ActiveCfg = Debug|x64
		{F86B1C8B-B1FB-48B4-B145-DF0CA94DD026}.Debug|x64.Build.0 = Debug|x64
		{F86B1C8B-B1FB-48B4-B145-DF0CA94DD026}.DVD-5|Win32.ActiveCfg = Debug|Win32
		{F86B1C8B-B1FB-48B4-B145-DF0CA94DD026}.DVD-5|Win32.Build.0 = Debug|Win32
		{F86B1C8B-B1FB-48B4-B145-DF0CA94DD026}.DVD-5|x64.ActiveCfg = Debug|x64
		{F86B1C8B-B1FB-48B4-B145-DF0CA94DD026}.DVD-5|x64.Build.0 = Debug|x64
		{F86B1C8B-B1FB-48B4-B145-DF0CA94DD026}.Release|Win32.ActiveCfg = Release|Win32
		{F86B1C8B-B1FB-48B4-B145-DF0CA94DD026}.Release|Win32.Build.0 = Release|Win32
		{F86B1C8B-B1FB-48B4-B145-DF0CA94DD026}.Release|x64.ActiveCfg = Release|x64
		{F86B1C8B-B1FB-48B4-B145-DF0CA94DD026}.Release|x64.Build.0 = Release|x64
		{F86B1C8B-B1FB-48B4-B145-DF0CA94DD026}.SingleImage|Win32.ActiveCfg = Release|Win32
		{F86B1C8B-B1FB-48B4-B145-DF0CA94DD026}.SingleImage|Win32.Build.0 = Release|Win32
		{F86B1C8B-B1FB-48B4-B145-DF0CA94DD026}.SingleImage|x64.ActiveCfg = Release|x64
		{F86B1C8B-B1FB-48B4-B145-DF0CA94DD026}.SingleImage|x64.Build.0 = Release|x64
		{4A9B92E6-9483-4B77-B56D-4BF58AA85179}.CD_ROM|Win32.ActiveCfg = CD_ROM
		{4A9B92E6-9483-4B77-B56D-4BF58AA85179}.CD_ROM|Win32.Build.0 = CD_ROM
		{4A9B92E6-9483-4B77-B56D-4BF58AA85179}.CD_ROM|x64.ActiveCfg = CD_ROM
		{4A9B92E6-9483-4B77-B56D-4BF58AA85179}.CD_ROM|x64.Build.0 = CD_ROM
		{4A9B92E6-9483-4B77-B56D-4BF58AA85179}.Debug|Win32.ActiveCfg = DVD-5
		{4A9B92E6-9483-4B77-B56D-4BF58AA85179}.Debug|Win32.Build.0 = DVD-5
		{4A9B92E6-9483-4B77-B56D-4BF58AA85179}.Debug|x64.ActiveCfg = DVD-5
		{4A9B92E6-9483-4B77-B56D-4BF58AA85179}.Debug|x64.Build.0 = DVD-5
		{4A9B92E6-9483-4B77-B56D-4BF58AA85179}.DVD-5|Win32.ActiveCfg = DVD-5
		{4A9B92E6-9483-4B77-B56D-4BF58AA85179}.DVD-5|Win32.Build.0 = DVD-5
		{4A9B92E6-9483-4B77-B56D-4BF58AA85179}.DVD-5|x64.ActiveCfg = DVD-5
		{4A9B92E6-9483-4B77-B56D-4BF58AA85179}.DVD-5|x64.Build.0 = DVD-5
		{4A9B92E6-9483-4B77-B56D-4BF58AA85179}.Release|Win32.ActiveCfg = SingleImage
		{4A9B92E6-9483-4B77-B56D-4BF58AA85179}.Release|Win32.Build.0 = SingleImage
		{4A9B92E6-9483-4B77-B56D-4BF58AA85179}.Release|x64.ActiveCfg = SingleImage
		{4A9B92E6-9483-4B77-B56D-4BF58AA85179}.Release|x64.Build.0 = SingleImage
		{4A9B92E6-9483-4B77-B56D-4BF58AA85179}.SingleImage|Win32.ActiveCfg = SingleImage
		{4A9B92E6-9483-4B77-B56D-4BF58AA85179}.SingleImage|Win32.Build.0 = SingleImage
		{4A9B92E6-9483-4B77-B56D-4BF58AA85179}.SingleImage|x64.ActiveCfg = SingleImage
		{4A9B92E6-9483-4B77-B56D-4BF58AA85179}.SingleImage|x64.Build.0 = SingleImage
	EndGlobalSection
	GlobalSection(SolutionProperties) = preSolution
		HideSolutionNode = FALSE
	EndGlobalSection
EndGlobal
