// !$*UTF8*$!
{
	archiveVersion = 1;
	classes = {
	};
	objectVersion = 42;
	objects = {

/* Begin PBXBuildFile section */
		1626378C0A07E46E0089452E /* llmdialog.cpp in Sources */ = {isa = PBXBuildFile; fileRef = 1626378A0A07E46E0089452E /* llmdialog.cpp */; };
		1652DA5C09D0B12600B7783F /* AtomTypeList.cpp in Sources */ = {isa = PBXBuildFile; fileRef = 1652DA2709D0B12600B7783F /* AtomTypeList.cpp */; };
		1652DA5D09D0B12600B7783F /* BasisSet.cpp in Sources */ = {isa = PBXBuildFile; fileRef = 1652DA2909D0B12600B7783F /* BasisSet.cpp */; };
		1652DA5E09D0B12600B7783F /* BFiles.cpp in Sources */ = {isa = PBXBuildFile; fileRef = 1652DA2B09D0B12600B7783F /* BFiles.cpp */; };
		1652DA5F09D0B12600B7783F /* CML.cpp in Sources */ = {isa = PBXBuildFile; fileRef = 1652DA2E09D0B12600B7783F /* CML.cpp */; };
		1652DA6009D0B12600B7783F /* DataClasses.cpp in Sources */ = {isa = PBXBuildFile; fileRef = 1652DA3009D0B12600B7783F /* DataClasses.cpp */; };
		1652DA6109D0B12600B7783F /* Files.cpp in Sources */ = {isa = PBXBuildFile; fileRef = 1652DA3109D0B12600B7783F /* Files.cpp */; };
		1652DA6209D0B12600B7783F /* Frame.cpp in Sources */ = {isa = PBXBuildFile; fileRef = 1652DA3209D0B12600B7783F /* Frame.cpp */; };
		1652DA6309D0B12600B7783F /* GaussHermite.cpp in Sources */ = {isa = PBXBuildFile; fileRef = 1652DA3409D0B12600B7783F /* GaussHermite.cpp */; };
		1652DA6409D0B12600B7783F /* Gradient.cpp in Sources */ = {isa = PBXBuildFile; fileRef = 1652DA3909D0B12600B7783F /* Gradient.cpp */; };
		1652DA6509D0B12600B7783F /* InputData.cpp in Sources */ = {isa = PBXBuildFile; fileRef = 1652DA3B09D0B12600B7783F /* InputData.cpp */; };
		1652DA6609D0B12600B7783F /* Internals.cpp in Sources */ = {isa = PBXBuildFile; fileRef = 1652DA3D09D0B12600B7783F /* Internals.cpp */; };
		1652DA6709D0B12600B7783F /* main.cpp in Sources */ = {isa = PBXBuildFile; fileRef = 1652DA3F09D0B12600B7783F /* main.cpp */; };
		1652DA6809D0B12600B7783F /* Math3D.cpp in Sources */ = {isa = PBXBuildFile; fileRef = 1652DA4109D0B12600B7783F /* Math3D.cpp */; };
		1652DA6909D0B12600B7783F /* MEP.cpp in Sources */ = {isa = PBXBuildFile; fileRef = 1652DA4309D0B12600B7783F /* MEP.cpp */; };
		1652DA6A09D0B12600B7783F /* MMPPrefs.cpp in Sources */ = {isa = PBXBuildFile; fileRef = 1652DA4409D0B12600B7783F /* MMPPrefs.cpp */; };
		1652DA6B09D0B12600B7783F /* MoleculeData.cpp in Sources */ = {isa = PBXBuildFile; fileRef = 1652DA4609D0B12600B7783F /* MoleculeData.cpp */; };
		1652DA6C09D0B12600B7783F /* mpGLCanvas.cpp in Sources */ = {isa = PBXBuildFile; fileRef = 1652DA4809D0B12600B7783F /* mpGLCanvas.cpp */; };
		1652DA6E09D0B12600B7783F /* orbitals.cpp in Sources */ = {isa = PBXBuildFile; fileRef = 1652DA4E09D0B12600B7783F /* orbitals.cpp */; };
		1652DA6F09D0B12600B7783F /* Progress.cpp in Sources */ = {isa = PBXBuildFile; fileRef = 1652DA5009D0B12600B7783F /* Progress.cpp */; };
		1652DA7009D0B12600B7783F /* RysPolynomial.cpp in Sources */ = {isa = PBXBuildFile; fileRef = 1652DA5209D0B12600B7783F /* RysPolynomial.cpp */; };
		1652DA7109D0B12600B7783F /* SurfaceBase.cpp in Sources */ = {isa = PBXBuildFile; fileRef = 1652DA5409D0B12600B7783F /* SurfaceBase.cpp */; };
		1652DA7209D0B12600B7783F /* SurfWin.cpp in Sources */ = {isa = PBXBuildFile; fileRef = 1652DA5609D0B12600B7783F /* SurfWin.cpp */; };
		1652DA7309D0B12600B7783F /* VirtualSphere.cpp in Sources */ = {isa = PBXBuildFile; fileRef = 1652DA5709D0B12600B7783F /* VirtualSphere.cpp */; };
		1652DA7409D0B12600B7783F /* wxFiles.cpp in Sources */ = {isa = PBXBuildFile; fileRef = 1652DA5909D0B12600B7783F /* wxFiles.cpp */; };
		1652DA7509D0B12600B7783F /* XML.cpp in Sources */ = {isa = PBXBuildFile; fileRef = 1652DA5A09D0B12600B7783F /* XML.cpp */; };
		1652DACD09D0B43700B7783F /* bindoc.icns in Resources */ = {isa = PBXBuildFile; fileRef = 1652DAC809D0B43700B7783F /* bindoc.icns */; };
		1652DACE09D0B43700B7783F /* Info.plist in Resources */ = {isa = PBXBuildFile; fileRef = 1652DAC909D0B43700B7783F /* Info.plist */; };
		1652DACF09D0B43700B7783F /* MacMolPlt.icns in Resources */ = {isa = PBXBuildFile; fileRef = 1652DACA09D0B43700B7783F /* MacMolPlt.icns */; };
		1652DAD009D0B43700B7783F /* prefs.icns in Resources */ = {isa = PBXBuildFile; fileRef = 1652DACB09D0B43700B7783F /* prefs.icns */; };
		1652DAD109D0B43700B7783F /* text-doc.icns in Resources */ = {isa = PBXBuildFile; fileRef = 1652DACC09D0B43700B7783F /* text-doc.icns */; };
		168626DB09D33C6C00A77D97 /* MolDisplayWin.cpp in Sources */ = {isa = PBXBuildFile; fileRef = 168626D909D33C6C00A77D97 /* MolDisplayWin.cpp */; };
		16B345EF09F9505C005FD3B2 /* coordinateswindow.cpp in Sources */ = {isa = PBXBuildFile; fileRef = 16B345ED09F9505C005FD3B2 /* coordinateswindow.cpp */; };
		16FB433009F026A300E84C6B /* bondsdlg.cpp in Sources */ = {isa = PBXBuildFile; fileRef = 16FB432E09F026A300E84C6B /* bondsdlg.cpp */; };
		8B1DA3F10A2BE373009DFD94 /* frameenergy.cpp in Sources */ = {isa = PBXBuildFile; fileRef = 8B1DA3EF0A2BE373009DFD94 /* frameenergy.cpp */; };
		8B1DA4750A2E189B009DFD94 /* setPreference.cpp in Sources */ = {isa = PBXBuildFile; fileRef = 8B1DA4730A2E189B009DFD94 /* setPreference.cpp */; };
		8B1DA4830A2E6A18009DFD94 /* frequenciesdialog.cpp in Sources */ = {isa = PBXBuildFile; fileRef = 8B1DA47F0A2E6A17009DFD94 /* frequenciesdialog.cpp */; };
		8B1DA4840A2E6A18009DFD94 /* myPrefs.cpp in Sources */ = {isa = PBXBuildFile; fileRef = 8B1DA4810A2E6A17009DFD94 /* myPrefs.cpp */; };
		8B279CFF0A4B6F0D00994DD5 /* colorArea.cpp in Sources */ = {isa = PBXBuildFile; fileRef = 8B279CF50A4B6F0D00994DD5 /* colorArea.cpp */; };
		8B279D000A4B6F0D00994DD5 /* inputbuilder.cpp in Sources */ = {isa = PBXBuildFile; fileRef = 8B279CF70A4B6F0D00994DD5 /* inputbuilder.cpp */; };
		8B279D010A4B6F0D00994DD5 /* surfaceDlg.cpp in Sources */ = {isa = PBXBuildFile; fileRef = 8B279CF90A4B6F0D00994DD5 /* surfaceDlg.cpp */; };
		8B279D030A4B6F0D00994DD5 /* wxUglyChoice.cpp in Sources */ = {isa = PBXBuildFile; fileRef = 8B279CFD0A4B6F0D00994DD5 /* wxUglyChoice.cpp */; };
		8B3B899D0A6EAD7E0041EA88 /* glf.cpp in Sources */ = {isa = PBXBuildFile; fileRef = 8B3B899C0A6EAD7E0041EA88 /* glf.cpp */; };
		8B3B8AE10A770A280041EA88 /* bindoc.icns in Resources */ = {isa = PBXBuildFile; fileRef = 1652DAC809D0B43700B7783F /* bindoc.icns */; };
		8B3B8AE20A770A280041EA88 /* Info.plist in Resources */ = {isa = PBXBuildFile; fileRef = 1652DAC909D0B43700B7783F /* Info.plist */; };
		8B3B8AE30A770A280041EA88 /* MacMolPlt.icns in Resources */ = {isa = PBXBuildFile; fileRef = 1652DACA09D0B43700B7783F /* MacMolPlt.icns */; };
		8B3B8AE40A770A280041EA88 /* prefs.icns in Resources */ = {isa = PBXBuildFile; fileRef = 1652DACB09D0B43700B7783F /* prefs.icns */; };
		8B3B8AE50A770A280041EA88 /* text-doc.icns in Resources */ = {isa = PBXBuildFile; fileRef = 1652DACC09D0B43700B7783F /* text-doc.icns */; };
		8B3B8AE60A770A280041EA88 /* MacMolPlt.Prefs.xml in Resources */ = {isa = PBXBuildFile; fileRef = 8BD0ABBA09D60BD500FCE797 /* MacMolPlt.Prefs.xml */; };
		8B3B8AE70A770A280041EA88 /* arial1.glf in Resources */ = {isa = PBXBuildFile; fileRef = 8B45D25D0A700DB60005269A /* arial1.glf */; };
		8B3B8AE90A770A280041EA88 /* AtomTypeList.cpp in Sources */ = {isa = PBXBuildFile; fileRef = 1652DA2709D0B12600B7783F /* AtomTypeList.cpp */; };
		8B3B8AEA0A770A280041EA88 /* BasisSet.cpp in Sources */ = {isa = PBXBuildFile; fileRef = 1652DA2909D0B12600B7783F /* BasisSet.cpp */; };
		8B3B8AEB0A770A280041EA88 /* BFiles.cpp in Sources */ = {isa = PBXBuildFile; fileRef = 1652DA2B09D0B12600B7783F /* BFiles.cpp */; };
		8B3B8AEC0A770A280041EA88 /* CML.cpp in Sources */ = {isa = PBXBuildFile; fileRef = 1652DA2E09D0B12600B7783F /* CML.cpp */; };
		8B3B8AED0A770A280041EA88 /* DataClasses.cpp in Sources */ = {isa = PBXBuildFile; fileRef = 1652DA3009D0B12600B7783F /* DataClasses.cpp */; };
		8B3B8AEE0A770A280041EA88 /* Files.cpp in Sources */ = {isa = PBXBuildFile; fileRef = 1652DA3109D0B12600B7783F /* Files.cpp */; };
		8B3B8AEF0A770A280041EA88 /* Frame.cpp in Sources */ = {isa = PBXBuildFile; fileRef = 1652DA3209D0B12600B7783F /* Frame.cpp */; };
		8B3B8AF00A770A280041EA88 /* GaussHermite.cpp in Sources */ = {isa = PBXBuildFile; fileRef = 1652DA3409D0B12600B7783F /* GaussHermite.cpp */; };
		8B3B8AF10A770A280041EA88 /* Gradient.cpp in Sources */ = {isa = PBXBuildFile; fileRef = 1652DA3909D0B12600B7783F /* Gradient.cpp */; };
		8B3B8AF20A770A280041EA88 /* InputData.cpp in Sources */ = {isa = PBXBuildFile; fileRef = 1652DA3B09D0B12600B7783F /* InputData.cpp */; };
		8B3B8AF30A770A280041EA88 /* Internals.cpp in Sources */ = {isa = PBXBuildFile; fileRef = 1652DA3D09D0B12600B7783F /* Internals.cpp */; };
		8B3B8AF40A770A280041EA88 /* main.cpp in Sources */ = {isa = PBXBuildFile; fileRef = 1652DA3F09D0B12600B7783F /* main.cpp */; };
		8B3B8AF50A770A280041EA88 /* Math3D.cpp in Sources */ = {isa = PBXBuildFile; fileRef = 1652DA4109D0B12600B7783F /* Math3D.cpp */; };
		8B3B8AF60A770A280041EA88 /* MEP.cpp in Sources */ = {isa = PBXBuildFile; fileRef = 1652DA4309D0B12600B7783F /* MEP.cpp */; };
		8B3B8AF70A770A280041EA88 /* MMPPrefs.cpp in Sources */ = {isa = PBXBuildFile; fileRef = 1652DA4409D0B12600B7783F /* MMPPrefs.cpp */; };
		8B3B8AF80A770A280041EA88 /* MoleculeData.cpp in Sources */ = {isa = PBXBuildFile; fileRef = 1652DA4609D0B12600B7783F /* MoleculeData.cpp */; };
		8B3B8AF90A770A280041EA88 /* mpGLCanvas.cpp in Sources */ = {isa = PBXBuildFile; fileRef = 1652DA4809D0B12600B7783F /* mpGLCanvas.cpp */; };
		8B3B8AFA0A770A280041EA88 /* orbitals.cpp in Sources */ = {isa = PBXBuildFile; fileRef = 1652DA4E09D0B12600B7783F /* orbitals.cpp */; };
		8B3B8AFB0A770A280041EA88 /* Progress.cpp in Sources */ = {isa = PBXBuildFile; fileRef = 1652DA5009D0B12600B7783F /* Progress.cpp */; };
		8B3B8AFC0A770A280041EA88 /* RysPolynomial.cpp in Sources */ = {isa = PBXBuildFile; fileRef = 1652DA5209D0B12600B7783F /* RysPolynomial.cpp */; };
		8B3B8AFD0A770A280041EA88 /* SurfaceBase.cpp in Sources */ = {isa = PBXBuildFile; fileRef = 1652DA5409D0B12600B7783F /* SurfaceBase.cpp */; };
		8B3B8AFE0A770A280041EA88 /* SurfWin.cpp in Sources */ = {isa = PBXBuildFile; fileRef = 1652DA5609D0B12600B7783F /* SurfWin.cpp */; };
		8B3B8AFF0A770A280041EA88 /* VirtualSphere.cpp in Sources */ = {isa = PBXBuildFile; fileRef = 1652DA5709D0B12600B7783F /* VirtualSphere.cpp */; };
		8B3B8B000A770A280041EA88 /* wxFiles.cpp in Sources */ = {isa = PBXBuildFile; fileRef = 1652DA5909D0B12600B7783F /* wxFiles.cpp */; };
		8B3B8B010A770A280041EA88 /* XML.cpp in Sources */ = {isa = PBXBuildFile; fileRef = 1652DA5A09D0B12600B7783F /* XML.cpp */; };
		8B3B8B020A770A280041EA88 /* MolDisplayWin.cpp in Sources */ = {isa = PBXBuildFile; fileRef = 168626D909D33C6C00A77D97 /* MolDisplayWin.cpp */; };
		8B3B8B030A770A280041EA88 /* OpenGLGraphics.cpp in Sources */ = {isa = PBXBuildFile; fileRef = 8BD0AB0509D5B62800FCE797 /* OpenGLGraphics.cpp */; };
		8B3B8B040A770A280041EA88 /* setscreenplane.cpp in Sources */ = {isa = PBXBuildFile; fileRef = 8BED377909EDCC0E0003DF64 /* setscreenplane.cpp */; };
		8B3B8B050A770A280041EA88 /* bondsdlg.cpp in Sources */ = {isa = PBXBuildFile; fileRef = 16FB432E09F026A300E84C6B /* bondsdlg.cpp */; };
		8B3B8B060A770A280041EA88 /* coordinateswindow.cpp in Sources */ = {isa = PBXBuildFile; fileRef = 16B345ED09F9505C005FD3B2 /* coordinateswindow.cpp */; };
		8B3B8B070A770A280041EA88 /* llmdialog.cpp in Sources */ = {isa = PBXBuildFile; fileRef = 1626378A0A07E46E0089452E /* llmdialog.cpp */; };
		8B3B8B080A770A280041EA88 /* setbondlength.cpp in Sources */ = {isa = PBXBuildFile; fileRef = 8BEDF9FE0A09390700BF6F85 /* setbondlength.cpp */; };
		8B3B8B090A770A280041EA88 /* appendframesoptions.cpp in Sources */ = {isa = PBXBuildFile; fileRef = 8B4BB4400A0A7C9D00FE9CC6 /* appendframesoptions.cpp */; };
		8B3B8B0A0A770A280041EA88 /* exportoptionsdialog.cpp in Sources */ = {isa = PBXBuildFile; fileRef = 8B6AF3090A13EAC8004D2E5F /* exportoptionsdialog.cpp */; };
		8B3B8B0B0A770A280041EA88 /* printoptions.cpp in Sources */ = {isa = PBXBuildFile; fileRef = 8B6075AF0A1A34B1008CC9FD /* printoptions.cpp */; };
		8B3B8B0C0A770A280041EA88 /* aboutwxmacmolplt.cpp in Sources */ = {isa = PBXBuildFile; fileRef = 8B7145C70A23983200435951 /* aboutwxmacmolplt.cpp */; };
		8B3B8B0D0A770A280041EA88 /* energyplotdialog.cpp in Sources */ = {isa = PBXBuildFile; fileRef = 8B6C7BF90A24E9C100B7358F /* energyplotdialog.cpp */; };
		8B3B8B0E0A770A280041EA88 /* wxMolGraph.cpp in Sources */ = {isa = PBXBuildFile; fileRef = 8B6C7BFD0A24E9E800B7358F /* wxMolGraph.cpp */; };
		8B3B8B0F0A770A280041EA88 /* choosevecgroup.cpp in Sources */ = {isa = PBXBuildFile; fileRef = 8BE7C29B0A273D9700DACA25 /* choosevecgroup.cpp */; };
		8B3B8B100A770A280041EA88 /* coordinateoffset.cpp in Sources */ = {isa = PBXBuildFile; fileRef = 8BDC5DDB0A29F25F0060517F /* coordinateoffset.cpp */; };
		8B3B8B110A770A280041EA88 /* frameenergy.cpp in Sources */ = {isa = PBXBuildFile; fileRef = 8B1DA3EF0A2BE373009DFD94 /* frameenergy.cpp */; };
		8B3B8B120A770A280041EA88 /* setPreference.cpp in Sources */ = {isa = PBXBuildFile; fileRef = 8B1DA4730A2E189B009DFD94 /* setPreference.cpp */; };
		8B3B8B130A770A280041EA88 /* frequenciesdialog.cpp in Sources */ = {isa = PBXBuildFile; fileRef = 8B1DA47F0A2E6A17009DFD94 /* frequenciesdialog.cpp */; };
		8B3B8B140A770A280041EA88 /* myPrefs.cpp in Sources */ = {isa = PBXBuildFile; fileRef = 8B1DA4810A2E6A17009DFD94 /* myPrefs.cpp */; };
		8B3B8B150A770A280041EA88 /* surfaceswindow.cpp in Sources */ = {isa = PBXBuildFile; fileRef = 8B4FB3D10A3093470014F6B5 /* surfaceswindow.cpp */; };
		8B3B8B160A770A280041EA88 /* colorArea.cpp in Sources */ = {isa = PBXBuildFile; fileRef = 8B279CF50A4B6F0D00994DD5 /* colorArea.cpp */; };
		8B3B8B170A770A280041EA88 /* inputbuilder.cpp in Sources */ = {isa = PBXBuildFile; fileRef = 8B279CF70A4B6F0D00994DD5 /* inputbuilder.cpp */; };
		8B3B8B180A770A280041EA88 /* surfaceDlg.cpp in Sources */ = {isa = PBXBuildFile; fileRef = 8B279CF90A4B6F0D00994DD5 /* surfaceDlg.cpp */; };
		8B3B8B190A770A280041EA88 /* wxUglyChoice.cpp in Sources */ = {isa = PBXBuildFile; fileRef = 8B279CFD0A4B6F0D00994DD5 /* wxUglyChoice.cpp */; };
		8B3B8B1A0A770A280041EA88 /* windowparameters.cpp in Sources */ = {isa = PBXBuildFile; fileRef = 8BF17D760A5328210059B71F /* windowparameters.cpp */; };
		8B3B8B1B0A770A280041EA88 /* zmatrixcalculator.cpp in Sources */ = {isa = PBXBuildFile; fileRef = 8BF17DA20A55D0910059B71F /* zmatrixcalculator.cpp */; };
		8B3B8B1C0A770A280041EA88 /* glf.cpp in Sources */ = {isa = PBXBuildFile; fileRef = 8B3B899C0A6EAD7E0041EA88 /* glf.cpp */; };
		8B45D25E0A700DB60005269A /* arial1.glf in Resources */ = {isa = PBXBuildFile; fileRef = 8B45D25D0A700DB60005269A /* arial1.glf */; };
		8B4BB4420A0A7C9D00FE9CC6 /* appendframesoptions.cpp in Sources */ = {isa = PBXBuildFile; fileRef = 8B4BB4400A0A7C9D00FE9CC6 /* appendframesoptions.cpp */; };
		8B4FB3D40A3093470014F6B5 /* surfaceswindow.cpp in Sources */ = {isa = PBXBuildFile; fileRef = 8B4FB3D10A3093470014F6B5 /* surfaceswindow.cpp */; };
		8B6075B10A1A34B1008CC9FD /* printoptions.cpp in Sources */ = {isa = PBXBuildFile; fileRef = 8B6075AF0A1A34B1008CC9FD /* printoptions.cpp */; };
		8B6AF30B0A13EAC8004D2E5F /* exportoptionsdialog.cpp in Sources */ = {isa = PBXBuildFile; fileRef = 8B6AF3090A13EAC8004D2E5F /* exportoptionsdialog.cpp */; };
		8B6C7BFB0A24E9C100B7358F /* energyplotdialog.cpp in Sources */ = {isa = PBXBuildFile; fileRef = 8B6C7BF90A24E9C100B7358F /* energyplotdialog.cpp */; };
		8B6C7BFF0A24E9E800B7358F /* wxMolGraph.cpp in Sources */ = {isa = PBXBuildFile; fileRef = 8B6C7BFD0A24E9E800B7358F /* wxMolGraph.cpp */; };
		8B7145C90A23983200435951 /* aboutwxmacmolplt.cpp in Sources */ = {isa = PBXBuildFile; fileRef = 8B7145C70A23983200435951 /* aboutwxmacmolplt.cpp */; };
		8B8816AF0A751FED00EC8791 /* bindoc.icns in Resources */ = {isa = PBXBuildFile; fileRef = 1652DAC809D0B43700B7783F /* bindoc.icns */; };
		8B8816B00A751FED00EC8791 /* Info.plist in Resources */ = {isa = PBXBuildFile; fileRef = 1652DAC909D0B43700B7783F /* Info.plist */; };
		8B8816B10A751FED00EC8791 /* MacMolPlt.icns in Resources */ = {isa = PBXBuildFile; fileRef = 1652DACA09D0B43700B7783F /* MacMolPlt.icns */; };
		8B8816B20A751FED00EC8791 /* prefs.icns in Resources */ = {isa = PBXBuildFile; fileRef = 1652DACB09D0B43700B7783F /* prefs.icns */; };
		8B8816B30A751FED00EC8791 /* text-doc.icns in Resources */ = {isa = PBXBuildFile; fileRef = 1652DACC09D0B43700B7783F /* text-doc.icns */; };
		8B8816B40A751FED00EC8791 /* MacMolPlt.Prefs.xml in Resources */ = {isa = PBXBuildFile; fileRef = 8BD0ABBA09D60BD500FCE797 /* MacMolPlt.Prefs.xml */; };
		8B8816B50A751FED00EC8791 /* arial1.glf in Resources */ = {isa = PBXBuildFile; fileRef = 8B45D25D0A700DB60005269A /* arial1.glf */; };
		8B8816B70A751FED00EC8791 /* AtomTypeList.cpp in Sources */ = {isa = PBXBuildFile; fileRef = 1652DA2709D0B12600B7783F /* AtomTypeList.cpp */; };
		8B8816B80A751FED00EC8791 /* BasisSet.cpp in Sources */ = {isa = PBXBuildFile; fileRef = 1652DA2909D0B12600B7783F /* BasisSet.cpp */; };
		8B8816B90A751FED00EC8791 /* BFiles.cpp in Sources */ = {isa = PBXBuildFile; fileRef = 1652DA2B09D0B12600B7783F /* BFiles.cpp */; };
		8B8816BA0A751FED00EC8791 /* CML.cpp in Sources */ = {isa = PBXBuildFile; fileRef = 1652DA2E09D0B12600B7783F /* CML.cpp */; };
		8B8816BB0A751FED00EC8791 /* DataClasses.cpp in Sources */ = {isa = PBXBuildFile; fileRef = 1652DA3009D0B12600B7783F /* DataClasses.cpp */; };
		8B8816BC0A751FED00EC8791 /* Files.cpp in Sources */ = {isa = PBXBuildFile; fileRef = 1652DA3109D0B12600B7783F /* Files.cpp */; };
		8B8816BD0A751FED00EC8791 /* Frame.cpp in Sources */ = {isa = PBXBuildFile; fileRef = 1652DA3209D0B12600B7783F /* Frame.cpp */; };
		8B8816BE0A751FED00EC8791 /* GaussHermite.cpp in Sources */ = {isa = PBXBuildFile; fileRef = 1652DA3409D0B12600B7783F /* GaussHermite.cpp */; };
		8B8816BF0A751FED00EC8791 /* Gradient.cpp in Sources */ = {isa = PBXBuildFile; fileRef = 1652DA3909D0B12600B7783F /* Gradient.cpp */; };
		8B8816C00A751FED00EC8791 /* InputData.cpp in Sources */ = {isa = PBXBuildFile; fileRef = 1652DA3B09D0B12600B7783F /* InputData.cpp */; };
		8B8816C10A751FED00EC8791 /* Internals.cpp in Sources */ = {isa = PBXBuildFile; fileRef = 1652DA3D09D0B12600B7783F /* Internals.cpp */; };
		8B8816C20A751FED00EC8791 /* main.cpp in Sources */ = {isa = PBXBuildFile; fileRef = 1652DA3F09D0B12600B7783F /* main.cpp */; };
		8B8816C30A751FED00EC8791 /* Math3D.cpp in Sources */ = {isa = PBXBuildFile; fileRef = 1652DA4109D0B12600B7783F /* Math3D.cpp */; };
		8B8816C40A751FED00EC8791 /* MEP.cpp in Sources */ = {isa = PBXBuildFile; fileRef = 1652DA4309D0B12600B7783F /* MEP.cpp */; };
		8B8816C50A751FED00EC8791 /* MMPPrefs.cpp in Sources */ = {isa = PBXBuildFile; fileRef = 1652DA4409D0B12600B7783F /* MMPPrefs.cpp */; };
		8B8816C60A751FED00EC8791 /* MoleculeData.cpp in Sources */ = {isa = PBXBuildFile; fileRef = 1652DA4609D0B12600B7783F /* MoleculeData.cpp */; };
		8B8816C70A751FED00EC8791 /* mpGLCanvas.cpp in Sources */ = {isa = PBXBuildFile; fileRef = 1652DA4809D0B12600B7783F /* mpGLCanvas.cpp */; };
		8B8816C80A751FED00EC8791 /* orbitals.cpp in Sources */ = {isa = PBXBuildFile; fileRef = 1652DA4E09D0B12600B7783F /* orbitals.cpp */; };
		8B8816C90A751FED00EC8791 /* Progress.cpp in Sources */ = {isa = PBXBuildFile; fileRef = 1652DA5009D0B12600B7783F /* Progress.cpp */; };
		8B8816CA0A751FED00EC8791 /* RysPolynomial.cpp in Sources */ = {isa = PBXBuildFile; fileRef = 1652DA5209D0B12600B7783F /* RysPolynomial.cpp */; };
		8B8816CB0A751FED00EC8791 /* SurfaceBase.cpp in Sources */ = {isa = PBXBuildFile; fileRef = 1652DA5409D0B12600B7783F /* SurfaceBase.cpp */; };
		8B8816CC0A751FED00EC8791 /* SurfWin.cpp in Sources */ = {isa = PBXBuildFile; fileRef = 1652DA5609D0B12600B7783F /* SurfWin.cpp */; };
		8B8816CD0A751FED00EC8791 /* VirtualSphere.cpp in Sources */ = {isa = PBXBuildFile; fileRef = 1652DA5709D0B12600B7783F /* VirtualSphere.cpp */; };
		8B8816CE0A751FED00EC8791 /* wxFiles.cpp in Sources */ = {isa = PBXBuildFile; fileRef = 1652DA5909D0B12600B7783F /* wxFiles.cpp */; };
		8B8816CF0A751FED00EC8791 /* XML.cpp in Sources */ = {isa = PBXBuildFile; fileRef = 1652DA5A09D0B12600B7783F /* XML.cpp */; };
		8B8816D00A751FED00EC8791 /* MolDisplayWin.cpp in Sources */ = {isa = PBXBuildFile; fileRef = 168626D909D33C6C00A77D97 /* MolDisplayWin.cpp */; };
		8B8816D10A751FED00EC8791 /* OpenGLGraphics.cpp in Sources */ = {isa = PBXBuildFile; fileRef = 8BD0AB0509D5B62800FCE797 /* OpenGLGraphics.cpp */; };
		8B8816D20A751FED00EC8791 /* setscreenplane.cpp in Sources */ = {isa = PBXBuildFile; fileRef = 8BED377909EDCC0E0003DF64 /* setscreenplane.cpp */; };
		8B8816D30A751FED00EC8791 /* bondsdlg.cpp in Sources */ = {isa = PBXBuildFile; fileRef = 16FB432E09F026A300E84C6B /* bondsdlg.cpp */; };
		8B8816D40A751FED00EC8791 /* coordinateswindow.cpp in Sources */ = {isa = PBXBuildFile; fileRef = 16B345ED09F9505C005FD3B2 /* coordinateswindow.cpp */; };
		8B8816D50A751FED00EC8791 /* llmdialog.cpp in Sources */ = {isa = PBXBuildFile; fileRef = 1626378A0A07E46E0089452E /* llmdialog.cpp */; };
		8B8816D60A751FED00EC8791 /* setbondlength.cpp in Sources */ = {isa = PBXBuildFile; fileRef = 8BEDF9FE0A09390700BF6F85 /* setbondlength.cpp */; };
		8B8816D70A751FED00EC8791 /* appendframesoptions.cpp in Sources */ = {isa = PBXBuildFile; fileRef = 8B4BB4400A0A7C9D00FE9CC6 /* appendframesoptions.cpp */; };
		8B8816D80A751FED00EC8791 /* exportoptionsdialog.cpp in Sources */ = {isa = PBXBuildFile; fileRef = 8B6AF3090A13EAC8004D2E5F /* exportoptionsdialog.cpp */; };
		8B8816D90A751FED00EC8791 /* printoptions.cpp in Sources */ = {isa = PBXBuildFile; fileRef = 8B6075AF0A1A34B1008CC9FD /* printoptions.cpp */; };
		8B8816DA0A751FED00EC8791 /* aboutwxmacmolplt.cpp in Sources */ = {isa = PBXBuildFile; fileRef = 8B7145C70A23983200435951 /* aboutwxmacmolplt.cpp */; };
		8B8816DB0A751FED00EC8791 /* energyplotdialog.cpp in Sources */ = {isa = PBXBuildFile; fileRef = 8B6C7BF90A24E9C100B7358F /* energyplotdialog.cpp */; };
		8B8816DC0A751FED00EC8791 /* wxMolGraph.cpp in Sources */ = {isa = PBXBuildFile; fileRef = 8B6C7BFD0A24E9E800B7358F /* wxMolGraph.cpp */; };
		8B8816DD0A751FED00EC8791 /* choosevecgroup.cpp in Sources */ = {isa = PBXBuildFile; fileRef = 8BE7C29B0A273D9700DACA25 /* choosevecgroup.cpp */; };
		8B8816DE0A751FED00EC8791 /* coordinateoffset.cpp in Sources */ = {isa = PBXBuildFile; fileRef = 8BDC5DDB0A29F25F0060517F /* coordinateoffset.cpp */; };
		8B8816DF0A751FED00EC8791 /* frameenergy.cpp in Sources */ = {isa = PBXBuildFile; fileRef = 8B1DA3EF0A2BE373009DFD94 /* frameenergy.cpp */; };
		8B8816E00A751FED00EC8791 /* setPreference.cpp in Sources */ = {isa = PBXBuildFile; fileRef = 8B1DA4730A2E189B009DFD94 /* setPreference.cpp */; };
		8B8816E10A751FED00EC8791 /* frequenciesdialog.cpp in Sources */ = {isa = PBXBuildFile; fileRef = 8B1DA47F0A2E6A17009DFD94 /* frequenciesdialog.cpp */; };
		8B8816E20A751FED00EC8791 /* myPrefs.cpp in Sources */ = {isa = PBXBuildFile; fileRef = 8B1DA4810A2E6A17009DFD94 /* myPrefs.cpp */; };
		8B8816E30A751FED00EC8791 /* surfaceswindow.cpp in Sources */ = {isa = PBXBuildFile; fileRef = 8B4FB3D10A3093470014F6B5 /* surfaceswindow.cpp */; };
		8B8816E40A751FED00EC8791 /* colorArea.cpp in Sources */ = {isa = PBXBuildFile; fileRef = 8B279CF50A4B6F0D00994DD5 /* colorArea.cpp */; };
		8B8816E50A751FED00EC8791 /* inputbuilder.cpp in Sources */ = {isa = PBXBuildFile; fileRef = 8B279CF70A4B6F0D00994DD5 /* inputbuilder.cpp */; };
		8B8816E60A751FED00EC8791 /* surfaceDlg.cpp in Sources */ = {isa = PBXBuildFile; fileRef = 8B279CF90A4B6F0D00994DD5 /* surfaceDlg.cpp */; };
		8B8816E70A751FED00EC8791 /* wxUglyChoice.cpp in Sources */ = {isa = PBXBuildFile; fileRef = 8B279CFD0A4B6F0D00994DD5 /* wxUglyChoice.cpp */; };
		8B8816E80A751FED00EC8791 /* windowparameters.cpp in Sources */ = {isa = PBXBuildFile; fileRef = 8BF17D760A5328210059B71F /* windowparameters.cpp */; };
		8B8816E90A751FED00EC8791 /* zmatrixcalculator.cpp in Sources */ = {isa = PBXBuildFile; fileRef = 8BF17DA20A55D0910059B71F /* zmatrixcalculator.cpp */; };
		8B8816EA0A751FED00EC8791 /* glf.cpp in Sources */ = {isa = PBXBuildFile; fileRef = 8B3B899C0A6EAD7E0041EA88 /* glf.cpp */; };
		8BD0AB0609D5B62800FCE797 /* OpenGLGraphics.cpp in Sources */ = {isa = PBXBuildFile; fileRef = 8BD0AB0509D5B62800FCE797 /* OpenGLGraphics.cpp */; };
		8BD0ABF209D610E500FCE797 /* MacMolPlt.Prefs.xml in Resources */ = {isa = PBXBuildFile; fileRef = 8BD0ABBA09D60BD500FCE797 /* MacMolPlt.Prefs.xml */; };
		8BDC5DDD0A29F25F0060517F /* coordinateoffset.cpp in Sources */ = {isa = PBXBuildFile; fileRef = 8BDC5DDB0A29F25F0060517F /* coordinateoffset.cpp */; };
		8BE7C29D0A273D9700DACA25 /* choosevecgroup.cpp in Sources */ = {isa = PBXBuildFile; fileRef = 8BE7C29B0A273D9700DACA25 /* choosevecgroup.cpp */; };
		8BE9976A0B70485700F48AA3 /* periodic_table_dlg.cpp in Sources */ = {isa = PBXBuildFile; fileRef = 8BE997680B70485700F48AA3 /* periodic_table_dlg.cpp */; };
		8BE9976B0B70485700F48AA3 /* periodic_table_dlg.cpp in Sources */ = {isa = PBXBuildFile; fileRef = 8BE997680B70485700F48AA3 /* periodic_table_dlg.cpp */; };
		8BE9976C0B70485700F48AA3 /* periodic_table_dlg.cpp in Sources */ = {isa = PBXBuildFile; fileRef = 8BE997680B70485700F48AA3 /* periodic_table_dlg.cpp */; };
		8BED377B09EDCC0E0003DF64 /* setscreenplane.cpp in Sources */ = {isa = PBXBuildFile; fileRef = 8BED377909EDCC0E0003DF64 /* setscreenplane.cpp */; };
		8BEDFA000A09390700BF6F85 /* setbondlength.cpp in Sources */ = {isa = PBXBuildFile; fileRef = 8BEDF9FE0A09390700BF6F85 /* setbondlength.cpp */; };
		8BF17D780A5328210059B71F /* windowparameters.cpp in Sources */ = {isa = PBXBuildFile; fileRef = 8BF17D760A5328210059B71F /* windowparameters.cpp */; };
		8BF17DA40A55D0910059B71F /* zmatrixcalculator.cpp in Sources */ = {isa = PBXBuildFile; fileRef = 8BF17DA20A55D0910059B71F /* zmatrixcalculator.cpp */; };
/* End PBXBuildFile section */

/* Begin PBXBuildRule section */
		8B8816F40A75209100EC8791 /* PBXBuildRule */ = {
			isa = PBXBuildRule;
			compilerSpec = com.apple.compilers.gcc.3_3;
			fileType = sourcecode.c;
			isEditable = 1;
			outputFiles = (
			);
		};
/* End PBXBuildRule section */

/* Begin PBXFileReference section */
		1626378A0A07E46E0089452E /* llmdialog.cpp */ = {isa = PBXFileReference; fileEncoding = 30; lastKnownFileType = sourcecode.cpp.cpp; name = llmdialog.cpp; path = src/llmdialog.cpp; sourceTree = "<group>"; };
		1626378B0A07E46E0089452E /* llmdialog.h */ = {isa = PBXFileReference; fileEncoding = 30; lastKnownFileType = sourcecode.c.h; name = llmdialog.h; path = src/llmdialog.h; sourceTree = "<group>"; };
		1652DA0B09D0AE8F00B7783F /* wxMacMolPlt.app */ = {isa = PBXFileReference; explicitFileType = wrapper.application; includeInIndex = 0; path = wxMacMolPlt.app; sourceTree = BUILT_PRODUCTS_DIR; };
		1652DA2709D0B12600B7783F /* AtomTypeList.cpp */ = {isa = PBXFileReference; fileEncoding = 30; lastKnownFileType = sourcecode.cpp.cpp; name = AtomTypeList.cpp; path = src/AtomTypeList.cpp; sourceTree = "<group>"; };
		1652DA2809D0B12600B7783F /* AtomTypeList.h */ = {isa = PBXFileReference; fileEncoding = 30; lastKnownFileType = sourcecode.c.h; name = AtomTypeList.h; path = src/AtomTypeList.h; sourceTree = "<group>"; };
		1652DA2909D0B12600B7783F /* BasisSet.cpp */ = {isa = PBXFileReference; fileEncoding = 30; lastKnownFileType = sourcecode.cpp.cpp; name = BasisSet.cpp; path = src/BasisSet.cpp; sourceTree = "<group>"; };
		1652DA2A09D0B12600B7783F /* BasisSet.h */ = {isa = PBXFileReference; fileEncoding = 30; lastKnownFileType = sourcecode.c.h; name = BasisSet.h; path = src/BasisSet.h; sourceTree = "<group>"; };
		1652DA2B09D0B12600B7783F /* BFiles.cpp */ = {isa = PBXFileReference; fileEncoding = 30; lastKnownFileType = sourcecode.cpp.cpp; name = BFiles.cpp; path = src/BFiles.cpp; sourceTree = "<group>"; };
		1652DA2C09D0B12600B7783F /* BFiles.h */ = {isa = PBXFileReference; fileEncoding = 30; lastKnownFileType = sourcecode.c.h; name = BFiles.h; path = src/BFiles.h; sourceTree = "<group>"; };
		1652DA2D09D0B12600B7783F /* cell_table.h */ = {isa = PBXFileReference; fileEncoding = 30; lastKnownFileType = sourcecode.c.h; name = cell_table.h; path = src/cell_table.h; sourceTree = "<group>"; };
		1652DA2E09D0B12600B7783F /* CML.cpp */ = {isa = PBXFileReference; fileEncoding = 30; lastKnownFileType = sourcecode.cpp.cpp; name = CML.cpp; path = src/CML.cpp; sourceTree = "<group>"; };
		1652DA2F09D0B12600B7783F /* CML.h */ = {isa = PBXFileReference; fileEncoding = 30; lastKnownFileType = sourcecode.c.h; name = CML.h; path = src/CML.h; sourceTree = "<group>"; };
		1652DA3009D0B12600B7783F /* DataClasses.cpp */ = {isa = PBXFileReference; fileEncoding = 30; lastKnownFileType = sourcecode.cpp.cpp; name = DataClasses.cpp; path = src/DataClasses.cpp; sourceTree = "<group>"; };
		1652DA3109D0B12600B7783F /* Files.cpp */ = {isa = PBXFileReference; fileEncoding = 30; lastKnownFileType = sourcecode.cpp.cpp; name = Files.cpp; path = src/Files.cpp; sourceTree = "<group>"; };
		1652DA3209D0B12600B7783F /* Frame.cpp */ = {isa = PBXFileReference; fileEncoding = 30; lastKnownFileType = sourcecode.cpp.cpp; name = Frame.cpp; path = src/Frame.cpp; sourceTree = "<group>"; };
		1652DA3309D0B12600B7783F /* Frame.h */ = {isa = PBXFileReference; fileEncoding = 30; lastKnownFileType = sourcecode.c.h; name = Frame.h; path = src/Frame.h; sourceTree = "<group>"; };
		1652DA3409D0B12600B7783F /* GaussHermite.cpp */ = {isa = PBXFileReference; fileEncoding = 30; lastKnownFileType = sourcecode.cpp.cpp; name = GaussHermite.cpp; path = src/GaussHermite.cpp; sourceTree = "<group>"; };
		1652DA3509D0B12600B7783F /* GaussHermite.h */ = {isa = PBXFileReference; fileEncoding = 30; lastKnownFileType = sourcecode.c.h; name = GaussHermite.h; path = src/GaussHermite.h; sourceTree = "<group>"; };
		1652DA3609D0B12600B7783F /* Geometries.h */ = {isa = PBXFileReference; fileEncoding = 30; lastKnownFileType = sourcecode.c.h; name = Geometries.h; path = src/Geometries.h; sourceTree = "<group>"; };
		1652DA3709D0B12600B7783F /* GlobalExceptions.h */ = {isa = PBXFileReference; fileEncoding = 30; lastKnownFileType = sourcecode.c.h; name = GlobalExceptions.h; path = src/GlobalExceptions.h; sourceTree = "<group>"; };
		1652DA3809D0B12600B7783F /* Globals.h */ = {isa = PBXFileReference; fileEncoding = 30; lastKnownFileType = sourcecode.c.h; name = Globals.h; path = src/Globals.h; sourceTree = "<group>"; };
		1652DA3909D0B12600B7783F /* Gradient.cpp */ = {isa = PBXFileReference; fileEncoding = 30; lastKnownFileType = sourcecode.cpp.cpp; name = Gradient.cpp; path = src/Gradient.cpp; sourceTree = "<group>"; };
		1652DA3A09D0B12600B7783F /* Gradient.h */ = {isa = PBXFileReference; fileEncoding = 30; lastKnownFileType = sourcecode.c.h; name = Gradient.h; path = src/Gradient.h; sourceTree = "<group>"; };
		1652DA3B09D0B12600B7783F /* InputData.cpp */ = {isa = PBXFileReference; fileEncoding = 30; lastKnownFileType = sourcecode.cpp.cpp; name = InputData.cpp; path = src/InputData.cpp; sourceTree = "<group>"; };
		1652DA3C09D0B12600B7783F /* InputData.h */ = {isa = PBXFileReference; fileEncoding = 30; lastKnownFileType = sourcecode.c.h; name = InputData.h; path = src/InputData.h; sourceTree = "<group>"; };
		1652DA3D09D0B12600B7783F /* Internals.cpp */ = {isa = PBXFileReference; fileEncoding = 30; lastKnownFileType = sourcecode.cpp.cpp; name = Internals.cpp; path = src/Internals.cpp; sourceTree = "<group>"; };
		1652DA3E09D0B12600B7783F /* Internals.h */ = {isa = PBXFileReference; fileEncoding = 30; lastKnownFileType = sourcecode.c.h; name = Internals.h; path = src/Internals.h; sourceTree = "<group>"; };
		1652DA3F09D0B12600B7783F /* main.cpp */ = {isa = PBXFileReference; fileEncoding = 30; lastKnownFileType = sourcecode.cpp.cpp; name = main.cpp; path = src/main.cpp; sourceTree = "<group>"; };
		1652DA4009D0B12600B7783F /* main.h */ = {isa = PBXFileReference; fileEncoding = 30; lastKnownFileType = sourcecode.c.h; name = main.h; path = src/main.h; sourceTree = "<group>"; };
		1652DA4109D0B12600B7783F /* Math3D.cpp */ = {isa = PBXFileReference; fileEncoding = 30; lastKnownFileType = sourcecode.cpp.cpp; name = Math3D.cpp; path = src/Math3D.cpp; sourceTree = "<group>"; };
		1652DA4209D0B12600B7783F /* Math3D.h */ = {isa = PBXFileReference; fileEncoding = 30; lastKnownFileType = sourcecode.c.h; name = Math3D.h; path = src/Math3D.h; sourceTree = "<group>"; };
		1652DA4309D0B12600B7783F /* MEP.cpp */ = {isa = PBXFileReference; fileEncoding = 30; lastKnownFileType = sourcecode.cpp.cpp; name = MEP.cpp; path = src/MEP.cpp; sourceTree = "<group>"; };
		1652DA4409D0B12600B7783F /* MMPPrefs.cpp */ = {isa = PBXFileReference; fileEncoding = 30; lastKnownFileType = sourcecode.cpp.cpp; name = MMPPrefs.cpp; path = src/MMPPrefs.cpp; sourceTree = "<group>"; };
		1652DA4509D0B12600B7783F /* MMPPrefs.h */ = {isa = PBXFileReference; fileEncoding = 30; lastKnownFileType = sourcecode.c.h; name = MMPPrefs.h; path = src/MMPPrefs.h; sourceTree = "<group>"; };
		1652DA4609D0B12600B7783F /* MoleculeData.cpp */ = {isa = PBXFileReference; fileEncoding = 30; lastKnownFileType = sourcecode.cpp.cpp; name = MoleculeData.cpp; path = src/MoleculeData.cpp; sourceTree = "<group>"; };
		1652DA4709D0B12600B7783F /* MoleculeData.h */ = {isa = PBXFileReference; fileEncoding = 30; lastKnownFileType = sourcecode.c.h; name = MoleculeData.h; path = src/MoleculeData.h; sourceTree = "<group>"; };
		1652DA4809D0B12600B7783F /* mpGLCanvas.cpp */ = {isa = PBXFileReference; fileEncoding = 30; lastKnownFileType = sourcecode.cpp.cpp; name = mpGLCanvas.cpp; path = src/mpGLCanvas.cpp; sourceTree = "<group>"; };
		1652DA4909D0B12600B7783F /* mpGLCanvas.h */ = {isa = PBXFileReference; fileEncoding = 30; lastKnownFileType = sourcecode.c.h; name = mpGLCanvas.h; path = src/mpGLCanvas.h; sourceTree = "<group>"; };
		1652DA4C09D0B12600B7783F /* myFiles.h */ = {isa = PBXFileReference; fileEncoding = 30; lastKnownFileType = sourcecode.c.h; name = myFiles.h; path = src/myFiles.h; sourceTree = "<group>"; };
		1652DA4D09D0B12600B7783F /* MyTypes.h */ = {isa = PBXFileReference; fileEncoding = 30; lastKnownFileType = sourcecode.c.h; name = MyTypes.h; path = src/MyTypes.h; sourceTree = "<group>"; };
		1652DA4E09D0B12600B7783F /* orbitals.cpp */ = {isa = PBXFileReference; fileEncoding = 30; lastKnownFileType = sourcecode.cpp.cpp; name = orbitals.cpp; path = src/orbitals.cpp; sourceTree = "<group>"; };
		1652DA4F09D0B12600B7783F /* Prefs.h */ = {isa = PBXFileReference; fileEncoding = 30; lastKnownFileType = sourcecode.c.h; name = Prefs.h; path = src/Prefs.h; sourceTree = "<group>"; };
		1652DA5009D0B12600B7783F /* Progress.cpp */ = {isa = PBXFileReference; fileEncoding = 30; lastKnownFileType = sourcecode.cpp.cpp; name = Progress.cpp; path = src/Progress.cpp; sourceTree = "<group>"; };
		1652DA5109D0B12600B7783F /* Progress.h */ = {isa = PBXFileReference; fileEncoding = 30; lastKnownFileType = sourcecode.c.h; name = Progress.h; path = src/Progress.h; sourceTree = "<group>"; };
		1652DA5209D0B12600B7783F /* RysPolynomial.cpp */ = {isa = PBXFileReference; fileEncoding = 30; lastKnownFileType = sourcecode.cpp.cpp; name = RysPolynomial.cpp; path = src/RysPolynomial.cpp; sourceTree = "<group>"; };
		1652DA5309D0B12600B7783F /* RysPolynomial.h */ = {isa = PBXFileReference; fileEncoding = 30; lastKnownFileType = sourcecode.c.h; name = RysPolynomial.h; path = src/RysPolynomial.h; sourceTree = "<group>"; };
		1652DA5409D0B12600B7783F /* SurfaceBase.cpp */ = {isa = PBXFileReference; fileEncoding = 30; lastKnownFileType = sourcecode.cpp.cpp; name = SurfaceBase.cpp; path = src/SurfaceBase.cpp; sourceTree = "<group>"; };
		1652DA5509D0B12600B7783F /* SurfaceTypes.h */ = {isa = PBXFileReference; fileEncoding = 30; lastKnownFileType = sourcecode.c.h; name = SurfaceTypes.h; path = src/SurfaceTypes.h; sourceTree = "<group>"; };
		1652DA5609D0B12600B7783F /* SurfWin.cpp */ = {isa = PBXFileReference; fileEncoding = 30; lastKnownFileType = sourcecode.cpp.cpp; name = SurfWin.cpp; path = src/SurfWin.cpp; sourceTree = "<group>"; };
		1652DA5709D0B12600B7783F /* VirtualSphere.cpp */ = {isa = PBXFileReference; fileEncoding = 30; lastKnownFileType = sourcecode.cpp.cpp; name = VirtualSphere.cpp; path = src/VirtualSphere.cpp; sourceTree = "<group>"; };
		1652DA5809D0B12600B7783F /* VirtualSphere.h */ = {isa = PBXFileReference; fileEncoding = 30; lastKnownFileType = sourcecode.c.h; name = VirtualSphere.h; path = src/VirtualSphere.h; sourceTree = "<group>"; };
		1652DA5909D0B12600B7783F /* wxFiles.cpp */ = {isa = PBXFileReference; fileEncoding = 30; lastKnownFileType = sourcecode.cpp.cpp; name = wxFiles.cpp; path = src/wxFiles.cpp; sourceTree = "<group>"; };
		1652DA5A09D0B12600B7783F /* XML.cpp */ = {isa = PBXFileReference; fileEncoding = 30; lastKnownFileType = sourcecode.cpp.cpp; name = XML.cpp; path = src/XML.cpp; sourceTree = "<group>"; };
		1652DA5B09D0B12600B7783F /* XML.hpp */ = {isa = PBXFileReference; fileEncoding = 30; lastKnownFileType = sourcecode.cpp.h; name = XML.hpp; path = src/XML.hpp; sourceTree = "<group>"; };
		1652DAC809D0B43700B7783F /* bindoc.icns */ = {isa = PBXFileReference; lastKnownFileType = image.icns; name = bindoc.icns; path = resources/bindoc.icns; sourceTree = "<group>"; };
		1652DAC909D0B43700B7783F /* Info.plist */ = {isa = PBXFileReference; fileEncoding = 30; lastKnownFileType = text.xml; name = Info.plist; path = resources/Info.plist; sourceTree = "<group>"; };
		1652DACA09D0B43700B7783F /* MacMolPlt.icns */ = {isa = PBXFileReference; lastKnownFileType = image.icns; name = MacMolPlt.icns; path = resources/MacMolPlt.icns; sourceTree = "<group>"; };
		1652DACB09D0B43700B7783F /* prefs.icns */ = {isa = PBXFileReference; lastKnownFileType = image.icns; name = prefs.icns; path = resources/prefs.icns; sourceTree = "<group>"; };
		1652DACC09D0B43700B7783F /* text-doc.icns */ = {isa = PBXFileReference; lastKnownFileType = image.icns; name = "text-doc.icns"; path = "resources/text-doc.icns"; sourceTree = "<group>"; };
		168626D909D33C6C00A77D97 /* MolDisplayWin.cpp */ = {isa = PBXFileReference; fileEncoding = 30; lastKnownFileType = sourcecode.cpp.cpp; name = MolDisplayWin.cpp; path = src/MolDisplayWin.cpp; sourceTree = "<group>"; };
		168626DA09D33C6C00A77D97 /* MolDisplayWin.h */ = {isa = PBXFileReference; fileEncoding = 30; lastKnownFileType = sourcecode.c.h; name = MolDisplayWin.h; path = src/MolDisplayWin.h; sourceTree = "<group>"; };
		16B345ED09F9505C005FD3B2 /* coordinateswindow.cpp */ = {isa = PBXFileReference; fileEncoding = 30; lastKnownFileType = sourcecode.cpp.cpp; name = coordinateswindow.cpp; path = src/coordinateswindow.cpp; sourceTree = "<group>"; };
		16B345EE09F9505C005FD3B2 /* coordinateswindow.h */ = {isa = PBXFileReference; fileEncoding = 30; lastKnownFileType = sourcecode.c.h; name = coordinateswindow.h; path = src/coordinateswindow.h; sourceTree = "<group>"; };
		16FB432E09F026A300E84C6B /* bondsdlg.cpp */ = {isa = PBXFileReference; fileEncoding = 30; lastKnownFileType = sourcecode.cpp.cpp; name = bondsdlg.cpp; path = src/bondsdlg.cpp; sourceTree = "<group>"; };
		16FB432F09F026A300E84C6B /* bondsdlg.h */ = {isa = PBXFileReference; fileEncoding = 30; lastKnownFileType = sourcecode.c.h; name = bondsdlg.h; path = src/bondsdlg.h; sourceTree = "<group>"; };
		8B1DA3EF0A2BE373009DFD94 /* frameenergy.cpp */ = {isa = PBXFileReference; fileEncoding = 30; lastKnownFileType = sourcecode.cpp.cpp; name = frameenergy.cpp; path = src/frameenergy.cpp; sourceTree = "<group>"; };
		8B1DA3F00A2BE373009DFD94 /* frameenergy.h */ = {isa = PBXFileReference; fileEncoding = 30; lastKnownFileType = sourcecode.c.h; name = frameenergy.h; path = src/frameenergy.h; sourceTree = "<group>"; };
		8B1DA4730A2E189B009DFD94 /* setPreference.cpp */ = {isa = PBXFileReference; fileEncoding = 30; lastKnownFileType = sourcecode.cpp.cpp; name = setPreference.cpp; path = src/setPreference.cpp; sourceTree = "<group>"; };
		8B1DA4740A2E189B009DFD94 /* setPreference.h */ = {isa = PBXFileReference; fileEncoding = 30; lastKnownFileType = sourcecode.c.h; name = setPreference.h; path = src/setPreference.h; sourceTree = "<group>"; };
		8B1DA47F0A2E6A17009DFD94 /* frequenciesdialog.cpp */ = {isa = PBXFileReference; fileEncoding = 30; lastKnownFileType = sourcecode.cpp.cpp; name = frequenciesdialog.cpp; path = src/frequenciesdialog.cpp; sourceTree = "<group>"; };
		8B1DA4800A2E6A17009DFD94 /* frequenciesdialog.h */ = {isa = PBXFileReference; fileEncoding = 30; lastKnownFileType = sourcecode.c.h; name = frequenciesdialog.h; path = src/frequenciesdialog.h; sourceTree = "<group>"; };
		8B1DA4810A2E6A17009DFD94 /* myPrefs.cpp */ = {isa = PBXFileReference; fileEncoding = 30; lastKnownFileType = sourcecode.cpp.cpp; name = myPrefs.cpp; path = src/myPrefs.cpp; sourceTree = "<group>"; };
		8B1DA4820A2E6A17009DFD94 /* PrefsPanes.h */ = {isa = PBXFileReference; fileEncoding = 30; lastKnownFileType = sourcecode.c.h; name = PrefsPanes.h; path = src/PrefsPanes.h; sourceTree = "<group>"; };
		8B279CF50A4B6F0D00994DD5 /* colorArea.cpp */ = {isa = PBXFileReference; fileEncoding = 30; lastKnownFileType = sourcecode.cpp.cpp; name = colorArea.cpp; path = src/colorArea.cpp; sourceTree = "<group>"; };
		8B279CF60A4B6F0D00994DD5 /* colorArea.h */ = {isa = PBXFileReference; fileEncoding = 30; lastKnownFileType = sourcecode.c.h; name = colorArea.h; path = src/colorArea.h; sourceTree = "<group>"; };
		8B279CF70A4B6F0D00994DD5 /* inputbuilder.cpp */ = {isa = PBXFileReference; fileEncoding = 30; lastKnownFileType = sourcecode.cpp.cpp; name = inputbuilder.cpp; path = src/inputbuilder.cpp; sourceTree = "<group>"; };
		8B279CF80A4B6F0D00994DD5 /* inputbuilder.h */ = {isa = PBXFileReference; fileEncoding = 30; lastKnownFileType = sourcecode.c.h; name = inputbuilder.h; path = src/inputbuilder.h; sourceTree = "<group>"; };
		8B279CF90A4B6F0D00994DD5 /* surfaceDlg.cpp */ = {isa = PBXFileReference; fileEncoding = 30; lastKnownFileType = sourcecode.cpp.cpp; name = surfaceDlg.cpp; path = src/surfaceDlg.cpp; sourceTree = "<group>"; };
		8B279CFA0A4B6F0D00994DD5 /* surfaceDlg.h */ = {isa = PBXFileReference; fileEncoding = 30; lastKnownFileType = sourcecode.c.h; name = surfaceDlg.h; path = src/surfaceDlg.h; sourceTree = "<group>"; };
		8B279CFD0A4B6F0D00994DD5 /* wxUglyChoice.cpp */ = {isa = PBXFileReference; fileEncoding = 30; lastKnownFileType = sourcecode.cpp.cpp; name = wxUglyChoice.cpp; path = src/wxUglyChoice.cpp; sourceTree = "<group>"; };
		8B279CFE0A4B6F0D00994DD5 /* wxUglyChoice.h */ = {isa = PBXFileReference; fileEncoding = 30; lastKnownFileType = sourcecode.c.h; name = wxUglyChoice.h; path = src/wxUglyChoice.h; sourceTree = "<group>"; };
		8B3B89720A6EAB540041EA88 /* glf.h */ = {isa = PBXFileReference; fileEncoding = 30; lastKnownFileType = sourcecode.c.h; name = glf.h; path = src/glf.h; sourceTree = "<group>"; };
		8B3B899C0A6EAD7E0041EA88 /* glf.cpp */ = {isa = PBXFileReference; fileEncoding = 30; lastKnownFileType = sourcecode.cpp.cpp; name = glf.cpp; path = src/glf.cpp; sourceTree = "<group>"; };
		8B3B8B210A770A280041EA88 /* wxMacMolPlt.app */ = {isa = PBXFileReference; explicitFileType = wrapper.application; includeInIndex = 0; path = wxMacMolPlt.app; sourceTree = BUILT_PRODUCTS_DIR; };
		8B3B8B230A770A280041EA88 /* Info copy.plist */ = {isa = PBXFileReference; lastKnownFileType = text.xml; name = "Info copy.plist"; path = "resources/Info copy.plist"; sourceTree = "<group>"; };
		8B45D25D0A700DB60005269A /* arial1.glf */ = {isa = PBXFileReference; lastKnownFileType = file; name = arial1.glf; path = resources/fonts/arial1.glf; sourceTree = "<group>"; };
		8B4BB4400A0A7C9D00FE9CC6 /* appendframesoptions.cpp */ = {isa = PBXFileReference; fileEncoding = 30; lastKnownFileType = sourcecode.cpp.cpp; name = appendframesoptions.cpp; path = src/appendframesoptions.cpp; sourceTree = "<group>"; };
		8B4BB4410A0A7C9D00FE9CC6 /* appendframesoptions.h */ = {isa = PBXFileReference; fileEncoding = 30; lastKnownFileType = sourcecode.c.h; name = appendframesoptions.h; path = src/appendframesoptions.h; sourceTree = "<group>"; };
		8B4FB3D10A3093470014F6B5 /* surfaceswindow.cpp */ = {isa = PBXFileReference; fileEncoding = 30; lastKnownFileType = sourcecode.cpp.cpp; name = surfaceswindow.cpp; path = src/surfaceswindow.cpp; sourceTree = "<group>"; };
		8B4FB3D20A3093470014F6B5 /* surfaceswindow.h */ = {isa = PBXFileReference; fileEncoding = 30; lastKnownFileType = sourcecode.c.h; name = surfaceswindow.h; path = src/surfaceswindow.h; sourceTree = "<group>"; };
		8B6075AF0A1A34B1008CC9FD /* printoptions.cpp */ = {isa = PBXFileReference; fileEncoding = 30; lastKnownFileType = sourcecode.cpp.cpp; name = printoptions.cpp; path = src/printoptions.cpp; sourceTree = "<group>"; };
		8B6075B00A1A34B1008CC9FD /* printoptions.h */ = {isa = PBXFileReference; fileEncoding = 30; lastKnownFileType = sourcecode.c.h; name = printoptions.h; path = src/printoptions.h; sourceTree = "<group>"; };
		8B641E370A472F8D0075F96C /* surfaceDlg.cpp */ = {isa = PBXFileReference; fileEncoding = 30; lastKnownFileType = sourcecode.cpp.cpp; name = surfaceDlg.cpp; path = src/surfaceDlg.cpp; sourceTree = "<group>"; };
		8B641E380A472F8D0075F96C /* surfaceDlg.h */ = {isa = PBXFileReference; fileEncoding = 30; lastKnownFileType = sourcecode.c.h; name = surfaceDlg.h; path = src/surfaceDlg.h; sourceTree = "<group>"; };
		8B6AF3090A13EAC8004D2E5F /* exportoptionsdialog.cpp */ = {isa = PBXFileReference; fileEncoding = 30; lastKnownFileType = sourcecode.cpp.cpp; name = exportoptionsdialog.cpp; path = src/exportoptionsdialog.cpp; sourceTree = "<group>"; };
		8B6AF30A0A13EAC8004D2E5F /* exportoptionsdialog.h */ = {isa = PBXFileReference; fileEncoding = 30; lastKnownFileType = sourcecode.c.h; name = exportoptionsdialog.h; path = src/exportoptionsdialog.h; sourceTree = "<group>"; };
		8B6C7BF90A24E9C100B7358F /* energyplotdialog.cpp */ = {isa = PBXFileReference; fileEncoding = 30; lastKnownFileType = sourcecode.cpp.cpp; name = energyplotdialog.cpp; path = src/energyplotdialog.cpp; sourceTree = "<group>"; };
		8B6C7BFA0A24E9C100B7358F /* energyplotdialog.h */ = {isa = PBXFileReference; fileEncoding = 30; lastKnownFileType = sourcecode.c.h; name = energyplotdialog.h; path = src/energyplotdialog.h; sourceTree = "<group>"; };
		8B6C7BFD0A24E9E800B7358F /* wxMolGraph.cpp */ = {isa = PBXFileReference; fileEncoding = 30; lastKnownFileType = sourcecode.cpp.cpp; name = wxMolGraph.cpp; path = src/wxMolGraph.cpp; sourceTree = "<group>"; };
		8B6C7BFE0A24E9E800B7358F /* wxMolGraph.h */ = {isa = PBXFileReference; fileEncoding = 30; lastKnownFileType = sourcecode.c.h; name = wxMolGraph.h; path = src/wxMolGraph.h; sourceTree = "<group>"; };
		8B7145C70A23983200435951 /* aboutwxmacmolplt.cpp */ = {isa = PBXFileReference; fileEncoding = 30; lastKnownFileType = sourcecode.cpp.cpp; name = aboutwxmacmolplt.cpp; path = src/aboutwxmacmolplt.cpp; sourceTree = "<group>"; };
		8B7145C80A23983200435951 /* aboutwxmacmolplt.h */ = {isa = PBXFileReference; fileEncoding = 30; lastKnownFileType = sourcecode.c.h; name = aboutwxmacmolplt.h; path = src/aboutwxmacmolplt.h; sourceTree = "<group>"; };
		8B8816EF0A751FED00EC8791 /* wxMacMolPlt.app */ = {isa = PBXFileReference; explicitFileType = wrapper.application; includeInIndex = 0; path = wxMacMolPlt.app; sourceTree = BUILT_PRODUCTS_DIR; };
		8B8816F10A751FED00EC8791 /* Info copy.plist */ = {isa = PBXFileReference; lastKnownFileType = text.xml; name = "Info copy.plist"; path = "resources/Info copy.plist"; sourceTree = "<group>"; };
		8BD0AB0509D5B62800FCE797 /* OpenGLGraphics.cpp */ = {isa = PBXFileReference; fileEncoding = 30; lastKnownFileType = sourcecode.cpp.cpp; name = OpenGLGraphics.cpp; path = src/OpenGLGraphics.cpp; sourceTree = "<group>"; };
		8BD0ABBA09D60BD500FCE797 /* MacMolPlt.Prefs.xml */ = {isa = PBXFileReference; fileEncoding = 30; lastKnownFileType = text.xml; name = MacMolPlt.Prefs.xml; path = resources/MacMolPlt.Prefs.xml; sourceTree = "<group>"; };
		8BD5BA820A41E01800FF9CAE /* inputbuilder.cpp */ = {isa = PBXFileReference; fileEncoding = 30; lastKnownFileType = sourcecode.cpp.cpp; name = inputbuilder.cpp; path = src/inputbuilder.cpp; sourceTree = "<group>"; };
		8BD5BA830A41E01800FF9CAE /* inputbuilder.h */ = {isa = PBXFileReference; fileEncoding = 30; lastKnownFileType = sourcecode.c.h; name = inputbuilder.h; path = src/inputbuilder.h; sourceTree = "<group>"; };
		8BDC5DDB0A29F25F0060517F /* coordinateoffset.cpp */ = {isa = PBXFileReference; fileEncoding = 30; lastKnownFileType = sourcecode.cpp.cpp; name = coordinateoffset.cpp; path = src/coordinateoffset.cpp; sourceTree = "<group>"; };
		8BDC5DDC0A29F25F0060517F /* coordinateoffset.h */ = {isa = PBXFileReference; fileEncoding = 30; lastKnownFileType = sourcecode.c.h; name = coordinateoffset.h; path = src/coordinateoffset.h; sourceTree = "<group>"; };
		8BE7C29B0A273D9700DACA25 /* choosevecgroup.cpp */ = {isa = PBXFileReference; fileEncoding = 30; lastKnownFileType = sourcecode.cpp.cpp; name = choosevecgroup.cpp; path = src/choosevecgroup.cpp; sourceTree = "<group>"; };
		8BE7C29C0A273D9700DACA25 /* choosevecgroup.h */ = {isa = PBXFileReference; fileEncoding = 30; lastKnownFileType = sourcecode.c.h; name = choosevecgroup.h; path = src/choosevecgroup.h; sourceTree = "<group>"; };
		8BE997680B70485700F48AA3 /* periodic_table_dlg.cpp */ = {isa = PBXFileReference; fileEncoding = 30; lastKnownFileType = sourcecode.cpp.cpp; name = periodic_table_dlg.cpp; path = src/periodic_table_dlg.cpp; sourceTree = "<group>"; };
		8BE997690B70485700F48AA3 /* periodic_table_dlg.h */ = {isa = PBXFileReference; fileEncoding = 30; lastKnownFileType = sourcecode.c.h; name = periodic_table_dlg.h; path = src/periodic_table_dlg.h; sourceTree = "<group>"; };
		8BED377909EDCC0E0003DF64 /* setscreenplane.cpp */ = {isa = PBXFileReference; fileEncoding = 30; lastKnownFileType = sourcecode.cpp.cpp; name = setscreenplane.cpp; path = src/setscreenplane.cpp; sourceTree = "<group>"; };
		8BED377A09EDCC0E0003DF64 /* setscreenplane.h */ = {isa = PBXFileReference; fileEncoding = 30; lastKnownFileType = sourcecode.c.h; name = setscreenplane.h; path = src/setscreenplane.h; sourceTree = "<group>"; };
		8BEDF9FE0A09390700BF6F85 /* setbondlength.cpp */ = {isa = PBXFileReference; fileEncoding = 30; lastKnownFileType = sourcecode.cpp.cpp; name = setbondlength.cpp; path = src/setbondlength.cpp; sourceTree = "<group>"; };
		8BEDF9FF0A09390700BF6F85 /* setbondlength.h */ = {isa = PBXFileReference; fileEncoding = 30; lastKnownFileType = sourcecode.c.h; name = setbondlength.h; path = src/setbondlength.h; sourceTree = "<group>"; };
		8BF17D760A5328210059B71F /* windowparameters.cpp */ = {isa = PBXFileReference; fileEncoding = 30; lastKnownFileType = sourcecode.cpp.cpp; name = windowparameters.cpp; path = src/windowparameters.cpp; sourceTree = "<group>"; };
		8BF17D770A5328210059B71F /* windowparameters.h */ = {isa = PBXFileReference; fileEncoding = 30; lastKnownFileType = sourcecode.c.h; name = windowparameters.h; path = src/windowparameters.h; sourceTree = "<group>"; };
		8BF17DA20A55D0910059B71F /* zmatrixcalculator.cpp */ = {isa = PBXFileReference; fileEncoding = 30; lastKnownFileType = sourcecode.cpp.cpp; name = zmatrixcalculator.cpp; path = src/zmatrixcalculator.cpp; sourceTree = "<group>"; };
		8BF17DA30A55D0910059B71F /* zmatrixcalculator.h */ = {isa = PBXFileReference; fileEncoding = 30; lastKnownFileType = sourcecode.c.h; name = zmatrixcalculator.h; path = src/zmatrixcalculator.h; sourceTree = "<group>"; };
/* End PBXFileReference section */

/* Begin PBXFrameworksBuildPhase section */
		1652DA0909D0AE8F00B7783F /* Frameworks */ = {
			isa = PBXFrameworksBuildPhase;
			buildActionMask = 2147483647;
			files = (
			);
			runOnlyForDeploymentPostprocessing = 0;
		};
		8B3B8B1D0A770A280041EA88 /* Frameworks */ = {
			isa = PBXFrameworksBuildPhase;
			buildActionMask = 2147483647;
			files = (
			);
			runOnlyForDeploymentPostprocessing = 0;
		};
		8B8816EB0A751FED00EC8791 /* Frameworks */ = {
			isa = PBXFrameworksBuildPhase;
			buildActionMask = 2147483647;
			files = (
			);
			runOnlyForDeploymentPostprocessing = 0;
		};
/* End PBXFrameworksBuildPhase section */

/* Begin PBXGroup section */
		1652D9FD09D0AE7200B7783F = {
			isa = PBXGroup;
			children = (
				1652DA2609D0B0E700B7783F /* source */,
				1652DAC709D0B41400B7783F /* Resources */,
				1652DA0C09D0AE8F00B7783F /* Products */,
			);
			sourceTree = "<group>";
		};
		1652DA0C09D0AE8F00B7783F /* Products */ = {
			isa = PBXGroup;
			children = (
				1652DA0B09D0AE8F00B7783F /* wxMacMolPlt.app */,
				8B8816EF0A751FED00EC8791 /* wxMacMolPlt.app */,
				8B3B8B210A770A280041EA88 /* wxMacMolPlt.app */,
			);
			name = Products;
			sourceTree = "<group>";
		};
		1652DA2609D0B0E700B7783F /* source */ = {
			isa = PBXGroup;
			children = (
				8B7145C80A23983200435951 /* aboutwxmacmolplt.h */,
				8B7145C70A23983200435951 /* aboutwxmacmolplt.cpp */,
				8B4BB4400A0A7C9D00FE9CC6 /* appendframesoptions.cpp */,
				8B4BB4410A0A7C9D00FE9CC6 /* appendframesoptions.h */,
				1652DA2709D0B12600B7783F /* AtomTypeList.cpp */,
				1652DA2809D0B12600B7783F /* AtomTypeList.h */,
				1652DA2909D0B12600B7783F /* BasisSet.cpp */,
				1652DA2A09D0B12600B7783F /* BasisSet.h */,
				1652DA2B09D0B12600B7783F /* BFiles.cpp */,
				1652DA2C09D0B12600B7783F /* BFiles.h */,
				16FB432E09F026A300E84C6B /* bondsdlg.cpp */,
				16FB432F09F026A300E84C6B /* bondsdlg.h */,
				1652DA2D09D0B12600B7783F /* cell_table.h */,
				8BE7C29B0A273D9700DACA25 /* choosevecgroup.cpp */,
				8BE7C29C0A273D9700DACA25 /* choosevecgroup.h */,
				1652DA2E09D0B12600B7783F /* CML.cpp */,
				1652DA2F09D0B12600B7783F /* CML.h */,
				8B279CF50A4B6F0D00994DD5 /* colorArea.cpp */,
				8B279CF60A4B6F0D00994DD5 /* colorArea.h */,
				8BDC5DDB0A29F25F0060517F /* coordinateoffset.cpp */,
				8BDC5DDC0A29F25F0060517F /* coordinateoffset.h */,
				16B345ED09F9505C005FD3B2 /* coordinateswindow.cpp */,
				16B345EE09F9505C005FD3B2 /* coordinateswindow.h */,
				1652DA3009D0B12600B7783F /* DataClasses.cpp */,
				8B6C7BF90A24E9C100B7358F /* energyplotdialog.cpp */,
				8B6C7BFA0A24E9C100B7358F /* energyplotdialog.h */,
				8B6AF3090A13EAC8004D2E5F /* exportoptionsdialog.cpp */,
				8B6AF30A0A13EAC8004D2E5F /* exportoptionsdialog.h */,
				1652DA3109D0B12600B7783F /* Files.cpp */,
				1652DA3209D0B12600B7783F /* Frame.cpp */,
				1652DA3309D0B12600B7783F /* Frame.h */,
				8B1DA3EF0A2BE373009DFD94 /* frameenergy.cpp */,
				8B1DA3F00A2BE373009DFD94 /* frameenergy.h */,
				8B1DA47F0A2E6A17009DFD94 /* frequenciesdialog.cpp */,
				8B1DA4800A2E6A17009DFD94 /* frequenciesdialog.h */,
				1652DA3409D0B12600B7783F /* GaussHermite.cpp */,
				1652DA3509D0B12600B7783F /* GaussHermite.h */,
				1652DA3609D0B12600B7783F /* Geometries.h */,
				8B3B89720A6EAB540041EA88 /* glf.h */,
				8B3B899C0A6EAD7E0041EA88 /* glf.cpp */,
				1652DA3709D0B12600B7783F /* GlobalExceptions.h */,
				1652DA3809D0B12600B7783F /* Globals.h */,
				1652DA3909D0B12600B7783F /* Gradient.cpp */,
				1652DA3A09D0B12600B7783F /* Gradient.h */,
				8B279CF70A4B6F0D00994DD5 /* inputbuilder.cpp */,
				8B279CF80A4B6F0D00994DD5 /* inputbuilder.h */,
				1652DA3B09D0B12600B7783F /* InputData.cpp */,
				1652DA3C09D0B12600B7783F /* InputData.h */,
				1652DA3D09D0B12600B7783F /* Internals.cpp */,
				1652DA3E09D0B12600B7783F /* Internals.h */,
				8BD5BA820A41E01800FF9CAE /* inputbuilder.cpp */,
				8BD5BA830A41E01800FF9CAE /* inputbuilder.h */,
				1626378A0A07E46E0089452E /* llmdialog.cpp */,
				1626378B0A07E46E0089452E /* llmdialog.h */,
				1652DA3F09D0B12600B7783F /* main.cpp */,
				1652DA4009D0B12600B7783F /* main.h */,
				1652DA4109D0B12600B7783F /* Math3D.cpp */,
				1652DA4209D0B12600B7783F /* Math3D.h */,
				1652DA4309D0B12600B7783F /* MEP.cpp */,
				1652DA4409D0B12600B7783F /* MMPPrefs.cpp */,
				1652DA4509D0B12600B7783F /* MMPPrefs.h */,
				168626D909D33C6C00A77D97 /* MolDisplayWin.cpp */,
				168626DA09D33C6C00A77D97 /* MolDisplayWin.h */,
				1652DA4609D0B12600B7783F /* MoleculeData.cpp */,
				1652DA4709D0B12600B7783F /* MoleculeData.h */,
				1652DA4809D0B12600B7783F /* mpGLCanvas.cpp */,
				1652DA4909D0B12600B7783F /* mpGLCanvas.h */,
				8B6C7BFD0A24E9E800B7358F /* wxMolGraph.cpp */,
				8B6C7BFE0A24E9E800B7358F /* wxMolGraph.h */,
				1652DA4C09D0B12600B7783F /* myFiles.h */,
				1652DA4D09D0B12600B7783F /* MyTypes.h */,
				8BD0AB0509D5B62800FCE797 /* OpenGLGraphics.cpp */,
				1652DA4E09D0B12600B7783F /* orbitals.cpp */,
				8BE997680B70485700F48AA3 /* periodic_table_dlg.cpp */,
				8BE997690B70485700F48AA3 /* periodic_table_dlg.h */,
				1652DA4F09D0B12600B7783F /* Prefs.h */,
				8B1DA4810A2E6A17009DFD94 /* myPrefs.cpp */,
				8B1DA4820A2E6A17009DFD94 /* PrefsPanes.h */,
				8B6075AF0A1A34B1008CC9FD /* printoptions.cpp */,
				8B6075B00A1A34B1008CC9FD /* printoptions.h */,
				1652DA5009D0B12600B7783F /* Progress.cpp */,
				1652DA5109D0B12600B7783F /* Progress.h */,
				1652DA5209D0B12600B7783F /* RysPolynomial.cpp */,
				1652DA5309D0B12600B7783F /* RysPolynomial.h */,
				8BEDF9FE0A09390700BF6F85 /* setbondlength.cpp */,
				8BEDF9FF0A09390700BF6F85 /* setbondlength.h */,
				8B1DA4730A2E189B009DFD94 /* setPreference.cpp */,
				8B1DA4740A2E189B009DFD94 /* setPreference.h */,
				8BED377909EDCC0E0003DF64 /* setscreenplane.cpp */,
				8BED377A09EDCC0E0003DF64 /* setscreenplane.h */,
				1652DA5409D0B12600B7783F /* SurfaceBase.cpp */,
				8B279CF90A4B6F0D00994DD5 /* surfaceDlg.cpp */,
				8B279CFA0A4B6F0D00994DD5 /* surfaceDlg.h */,
				8B4FB3D10A3093470014F6B5 /* surfaceswindow.cpp */,
				8B4FB3D20A3093470014F6B5 /* surfaceswindow.h */,
				1652DA5509D0B12600B7783F /* SurfaceTypes.h */,
				1652DA5609D0B12600B7783F /* SurfWin.cpp */,
				8B641E370A472F8D0075F96C /* surfaceDlg.cpp */,
				8B641E380A472F8D0075F96C /* surfaceDlg.h */,
				1652DA5709D0B12600B7783F /* VirtualSphere.cpp */,
				1652DA5809D0B12600B7783F /* VirtualSphere.h */,
				8BF17D760A5328210059B71F /* windowparameters.cpp */,
				8BF17D770A5328210059B71F /* windowparameters.h */,
				1652DA5909D0B12600B7783F /* wxFiles.cpp */,
				8B279CFD0A4B6F0D00994DD5 /* wxUglyChoice.cpp */,
				8B279CFE0A4B6F0D00994DD5 /* wxUglyChoice.h */,
				1652DA5A09D0B12600B7783F /* XML.cpp */,
				1652DA5B09D0B12600B7783F /* XML.hpp */,
				8BF17DA20A55D0910059B71F /* zmatrixcalculator.cpp */,
				8BF17DA30A55D0910059B71F /* zmatrixcalculator.h */,
			);
			name = source;
			sourceTree = "<group>";
		};
		1652DAC709D0B41400B7783F /* Resources */ = {
			isa = PBXGroup;
			children = (
				8BD0ABBA09D60BD500FCE797 /* MacMolPlt.Prefs.xml */,
				8B45D25D0A700DB60005269A /* arial1.glf */,
				1652DAC809D0B43700B7783F /* bindoc.icns */,
				1652DAC909D0B43700B7783F /* Info.plist */,
				1652DACA09D0B43700B7783F /* MacMolPlt.icns */,
				1652DACB09D0B43700B7783F /* prefs.icns */,
				1652DACC09D0B43700B7783F /* text-doc.icns */,
				8B8816F10A751FED00EC8791 /* Info copy.plist */,
				8B3B8B230A770A280041EA88 /* Info copy.plist */,
			);
			name = Resources;
			sourceTree = "<group>";
		};
/* End PBXGroup section */

/* Begin PBXNativeTarget section */
		1652DA0A09D0AE8F00B7783F /* wxMacMolPlt */ = {
			isa = PBXNativeTarget;
			buildConfigurationList = 1652DA0F09D0AE8F00B7783F /* Build configuration list for PBXNativeTarget "wxMacMolPlt" */;
			buildPhases = (
				1652DA0709D0AE8F00B7783F /* Resources */,
				1652DA0809D0AE8F00B7783F /* Sources */,
				1652DA0909D0AE8F00B7783F /* Frameworks */,
			);
			buildRules = (
			);
			dependencies = (
			);
			name = wxMacMolPlt;
			productName = wxMacMolPlt;
			productReference = 1652DA0B09D0AE8F00B7783F /* wxMacMolPlt.app */;
			productType = "com.apple.product-type.application";
		};
		8B3B8ADF0A770A280041EA88 /* wxMacMolPlt Universal */ = {
			isa = PBXNativeTarget;
			buildConfigurationList = 8B3B8B1E0A770A280041EA88 /* Build configuration list for PBXNativeTarget "wxMacMolPlt Universal" */;
			buildPhases = (
				8B3B8AE00A770A280041EA88 /* Resources */,
				8B3B8AE80A770A280041EA88 /* Sources */,
				8B3B8B1D0A770A280041EA88 /* Frameworks */,
			);
			buildRules = (
			);
			dependencies = (
			);
			name = "wxMacMolPlt Universal";
			productName = wxMacMolPlt;
			productReference = 8B3B8B210A770A280041EA88 /* wxMacMolPlt.app */;
			productType = "com.apple.product-type.application";
		};
		8B8816AD0A751FED00EC8791 /* wxMacMolPlt-ppc */ = {
			isa = PBXNativeTarget;
			buildConfigurationList = 8B8816EC0A751FED00EC8791 /* Build configuration list for PBXNativeTarget "wxMacMolPlt-ppc" */;
			buildPhases = (
				8B8816AE0A751FED00EC8791 /* Resources */,
				8B8816B60A751FED00EC8791 /* Sources */,
				8B8816EB0A751FED00EC8791 /* Frameworks */,
			);
			buildRules = (
				8B8816F40A75209100EC8791 /* PBXBuildRule */,
			);
			dependencies = (
			);
			name = "wxMacMolPlt-ppc";
			productName = wxMacMolPlt;
			productReference = 8B8816EF0A751FED00EC8791 /* wxMacMolPlt.app */;
			productType = "com.apple.product-type.application";
		};
/* End PBXNativeTarget section */

/* Begin PBXProject section */
		1652D9FF09D0AE7200B7783F /* Project object */ = {
			isa = PBXProject;
			buildConfigurationList = 1652DA0009D0AE7200B7783F /* Build configuration list for PBXProject "wxMacMolPlt" */;
			hasScannedForEncodings = 0;
			mainGroup = 1652D9FD09D0AE7200B7783F;
			productRefGroup = 1652DA0C09D0AE8F00B7783F /* Products */;
			projectDirPath = "";
			targets = (
				1652DA0A09D0AE8F00B7783F /* wxMacMolPlt */,
				8B8816AD0A751FED00EC8791 /* wxMacMolPlt-ppc */,
				8B3B8ADF0A770A280041EA88 /* wxMacMolPlt Universal */,
			);
		};
/* End PBXProject section */

/* Begin PBXResourcesBuildPhase section */
		1652DA0709D0AE8F00B7783F /* Resources */ = {
			isa = PBXResourcesBuildPhase;
			buildActionMask = 2147483647;
			files = (
				1652DACD09D0B43700B7783F /* bindoc.icns in Resources */,
				1652DACE09D0B43700B7783F /* Info.plist in Resources */,
				1652DACF09D0B43700B7783F /* MacMolPlt.icns in Resources */,
				1652DAD009D0B43700B7783F /* prefs.icns in Resources */,
				1652DAD109D0B43700B7783F /* text-doc.icns in Resources */,
				8BD0ABF209D610E500FCE797 /* MacMolPlt.Prefs.xml in Resources */,
				8B45D25E0A700DB60005269A /* arial1.glf in Resources */,
			);
			runOnlyForDeploymentPostprocessing = 0;
		};
		8B3B8AE00A770A280041EA88 /* Resources */ = {
			isa = PBXResourcesBuildPhase;
			buildActionMask = 2147483647;
			files = (
				8B3B8AE10A770A280041EA88 /* bindoc.icns in Resources */,
				8B3B8AE20A770A280041EA88 /* Info.plist in Resources */,
				8B3B8AE30A770A280041EA88 /* MacMolPlt.icns in Resources */,
				8B3B8AE40A770A280041EA88 /* prefs.icns in Resources */,
				8B3B8AE50A770A280041EA88 /* text-doc.icns in Resources */,
				8B3B8AE60A770A280041EA88 /* MacMolPlt.Prefs.xml in Resources */,
				8B3B8AE70A770A280041EA88 /* arial1.glf in Resources */,
			);
			runOnlyForDeploymentPostprocessing = 0;
		};
		8B8816AE0A751FED00EC8791 /* Resources */ = {
			isa = PBXResourcesBuildPhase;
			buildActionMask = 2147483647;
			files = (
				8B8816AF0A751FED00EC8791 /* bindoc.icns in Resources */,
				8B8816B00A751FED00EC8791 /* Info.plist in Resources */,
				8B8816B10A751FED00EC8791 /* MacMolPlt.icns in Resources */,
				8B8816B20A751FED00EC8791 /* prefs.icns in Resources */,
				8B8816B30A751FED00EC8791 /* text-doc.icns in Resources */,
				8B8816B40A751FED00EC8791 /* MacMolPlt.Prefs.xml in Resources */,
				8B8816B50A751FED00EC8791 /* arial1.glf in Resources */,
			);
			runOnlyForDeploymentPostprocessing = 0;
		};
/* End PBXResourcesBuildPhase section */

/* Begin PBXSourcesBuildPhase section */
		1652DA0809D0AE8F00B7783F /* Sources */ = {
			isa = PBXSourcesBuildPhase;
			buildActionMask = 2147483647;
			files = (
				1652DA5C09D0B12600B7783F /* AtomTypeList.cpp in Sources */,
				1652DA5D09D0B12600B7783F /* BasisSet.cpp in Sources */,
				1652DA5E09D0B12600B7783F /* BFiles.cpp in Sources */,
				1652DA5F09D0B12600B7783F /* CML.cpp in Sources */,
				1652DA6009D0B12600B7783F /* DataClasses.cpp in Sources */,
				1652DA6109D0B12600B7783F /* Files.cpp in Sources */,
				1652DA6209D0B12600B7783F /* Frame.cpp in Sources */,
				1652DA6309D0B12600B7783F /* GaussHermite.cpp in Sources */,
				1652DA6409D0B12600B7783F /* Gradient.cpp in Sources */,
				1652DA6509D0B12600B7783F /* InputData.cpp in Sources */,
				1652DA6609D0B12600B7783F /* Internals.cpp in Sources */,
				1652DA6709D0B12600B7783F /* main.cpp in Sources */,
				1652DA6809D0B12600B7783F /* Math3D.cpp in Sources */,
				1652DA6909D0B12600B7783F /* MEP.cpp in Sources */,
				1652DA6A09D0B12600B7783F /* MMPPrefs.cpp in Sources */,
				1652DA6B09D0B12600B7783F /* MoleculeData.cpp in Sources */,
				1652DA6C09D0B12600B7783F /* mpGLCanvas.cpp in Sources */,
				1652DA6E09D0B12600B7783F /* orbitals.cpp in Sources */,
				1652DA6F09D0B12600B7783F /* Progress.cpp in Sources */,
				1652DA7009D0B12600B7783F /* RysPolynomial.cpp in Sources */,
				1652DA7109D0B12600B7783F /* SurfaceBase.cpp in Sources */,
				1652DA7209D0B12600B7783F /* SurfWin.cpp in Sources */,
				1652DA7309D0B12600B7783F /* VirtualSphere.cpp in Sources */,
				1652DA7409D0B12600B7783F /* wxFiles.cpp in Sources */,
				1652DA7509D0B12600B7783F /* XML.cpp in Sources */,
				168626DB09D33C6C00A77D97 /* MolDisplayWin.cpp in Sources */,
				8BD0AB0609D5B62800FCE797 /* OpenGLGraphics.cpp in Sources */,
				8BED377B09EDCC0E0003DF64 /* setscreenplane.cpp in Sources */,
				16FB433009F026A300E84C6B /* bondsdlg.cpp in Sources */,
				16B345EF09F9505C005FD3B2 /* coordinateswindow.cpp in Sources */,
				1626378C0A07E46E0089452E /* llmdialog.cpp in Sources */,
				8BEDFA000A09390700BF6F85 /* setbondlength.cpp in Sources */,
				8B4BB4420A0A7C9D00FE9CC6 /* appendframesoptions.cpp in Sources */,
				8B6AF30B0A13EAC8004D2E5F /* exportoptionsdialog.cpp in Sources */,
				8B6075B10A1A34B1008CC9FD /* printoptions.cpp in Sources */,
				8B7145C90A23983200435951 /* aboutwxmacmolplt.cpp in Sources */,
				8B6C7BFB0A24E9C100B7358F /* energyplotdialog.cpp in Sources */,
				8B6C7BFF0A24E9E800B7358F /* wxMolGraph.cpp in Sources */,
				8BE7C29D0A273D9700DACA25 /* choosevecgroup.cpp in Sources */,
				8BDC5DDD0A29F25F0060517F /* coordinateoffset.cpp in Sources */,
				8B1DA3F10A2BE373009DFD94 /* frameenergy.cpp in Sources */,
				8B1DA4750A2E189B009DFD94 /* setPreference.cpp in Sources */,
				8B1DA4830A2E6A18009DFD94 /* frequenciesdialog.cpp in Sources */,
				8B1DA4840A2E6A18009DFD94 /* myPrefs.cpp in Sources */,
				8B4FB3D40A3093470014F6B5 /* surfaceswindow.cpp in Sources */,
				8B279CFF0A4B6F0D00994DD5 /* colorArea.cpp in Sources */,
				8B279D000A4B6F0D00994DD5 /* inputbuilder.cpp in Sources */,
				8B279D010A4B6F0D00994DD5 /* surfaceDlg.cpp in Sources */,
				8B279D030A4B6F0D00994DD5 /* wxUglyChoice.cpp in Sources */,
				8BF17D780A5328210059B71F /* windowparameters.cpp in Sources */,
				8BF17DA40A55D0910059B71F /* zmatrixcalculator.cpp in Sources */,
				8B3B899D0A6EAD7E0041EA88 /* glf.cpp in Sources */,
				8BE9976A0B70485700F48AA3 /* periodic_table_dlg.cpp in Sources */,
			);
			runOnlyForDeploymentPostprocessing = 0;
		};
		8B3B8AE80A770A280041EA88 /* Sources */ = {
			isa = PBXSourcesBuildPhase;
			buildActionMask = 2147483647;
			files = (
				8B3B8AE90A770A280041EA88 /* AtomTypeList.cpp in Sources */,
				8B3B8AEA0A770A280041EA88 /* BasisSet.cpp in Sources */,
				8B3B8AEB0A770A280041EA88 /* BFiles.cpp in Sources */,
				8B3B8AEC0A770A280041EA88 /* CML.cpp in Sources */,
				8B3B8AED0A770A280041EA88 /* DataClasses.cpp in Sources */,
				8B3B8AEE0A770A280041EA88 /* Files.cpp in Sources */,
				8B3B8AEF0A770A280041EA88 /* Frame.cpp in Sources */,
				8B3B8AF00A770A280041EA88 /* GaussHermite.cpp in Sources */,
				8B3B8AF10A770A280041EA88 /* Gradient.cpp in Sources */,
				8B3B8AF20A770A280041EA88 /* InputData.cpp in Sources */,
				8B3B8AF30A770A280041EA88 /* Internals.cpp in Sources */,
				8B3B8AF40A770A280041EA88 /* main.cpp in Sources */,
				8B3B8AF50A770A280041EA88 /* Math3D.cpp in Sources */,
				8B3B8AF60A770A280041EA88 /* MEP.cpp in Sources */,
				8B3B8AF70A770A280041EA88 /* MMPPrefs.cpp in Sources */,
				8B3B8AF80A770A280041EA88 /* MoleculeData.cpp in Sources */,
				8B3B8AF90A770A280041EA88 /* mpGLCanvas.cpp in Sources */,
				8B3B8AFA0A770A280041EA88 /* orbitals.cpp in Sources */,
				8B3B8AFB0A770A280041EA88 /* Progress.cpp in Sources */,
				8B3B8AFC0A770A280041EA88 /* RysPolynomial.cpp in Sources */,
				8B3B8AFD0A770A280041EA88 /* SurfaceBase.cpp in Sources */,
				8B3B8AFE0A770A280041EA88 /* SurfWin.cpp in Sources */,
				8B3B8AFF0A770A280041EA88 /* VirtualSphere.cpp in Sources */,
				8B3B8B000A770A280041EA88 /* wxFiles.cpp in Sources */,
				8B3B8B010A770A280041EA88 /* XML.cpp in Sources */,
				8B3B8B020A770A280041EA88 /* MolDisplayWin.cpp in Sources */,
				8B3B8B030A770A280041EA88 /* OpenGLGraphics.cpp in Sources */,
				8B3B8B040A770A280041EA88 /* setscreenplane.cpp in Sources */,
				8B3B8B050A770A280041EA88 /* bondsdlg.cpp in Sources */,
				8B3B8B060A770A280041EA88 /* coordinateswindow.cpp in Sources */,
				8B3B8B070A770A280041EA88 /* llmdialog.cpp in Sources */,
				8B3B8B080A770A280041EA88 /* setbondlength.cpp in Sources */,
				8B3B8B090A770A280041EA88 /* appendframesoptions.cpp in Sources */,
				8B3B8B0A0A770A280041EA88 /* exportoptionsdialog.cpp in Sources */,
				8B3B8B0B0A770A280041EA88 /* printoptions.cpp in Sources */,
				8B3B8B0C0A770A280041EA88 /* aboutwxmacmolplt.cpp in Sources */,
				8B3B8B0D0A770A280041EA88 /* energyplotdialog.cpp in Sources */,
				8B3B8B0E0A770A280041EA88 /* wxMolGraph.cpp in Sources */,
				8B3B8B0F0A770A280041EA88 /* choosevecgroup.cpp in Sources */,
				8B3B8B100A770A280041EA88 /* coordinateoffset.cpp in Sources */,
				8B3B8B110A770A280041EA88 /* frameenergy.cpp in Sources */,
				8B3B8B120A770A280041EA88 /* setPreference.cpp in Sources */,
				8B3B8B130A770A280041EA88 /* frequenciesdialog.cpp in Sources */,
				8B3B8B140A770A280041EA88 /* myPrefs.cpp in Sources */,
				8B3B8B150A770A280041EA88 /* surfaceswindow.cpp in Sources */,
				8B3B8B160A770A280041EA88 /* colorArea.cpp in Sources */,
				8B3B8B170A770A280041EA88 /* inputbuilder.cpp in Sources */,
				8B3B8B180A770A280041EA88 /* surfaceDlg.cpp in Sources */,
				8B3B8B190A770A280041EA88 /* wxUglyChoice.cpp in Sources */,
				8B3B8B1A0A770A280041EA88 /* windowparameters.cpp in Sources */,
				8B3B8B1B0A770A280041EA88 /* zmatrixcalculator.cpp in Sources */,
				8B3B8B1C0A770A280041EA88 /* glf.cpp in Sources */,
				8BE9976B0B70485700F48AA3 /* periodic_table_dlg.cpp in Sources */,
			);
			runOnlyForDeploymentPostprocessing = 0;
		};
		8B8816B60A751FED00EC8791 /* Sources */ = {
			isa = PBXSourcesBuildPhase;
			buildActionMask = 2147483647;
			files = (
				8B8816B70A751FED00EC8791 /* AtomTypeList.cpp in Sources */,
				8B8816B80A751FED00EC8791 /* BasisSet.cpp in Sources */,
				8B8816B90A751FED00EC8791 /* BFiles.cpp in Sources */,
				8B8816BA0A751FED00EC8791 /* CML.cpp in Sources */,
				8B8816BB0A751FED00EC8791 /* DataClasses.cpp in Sources */,
				8B8816BC0A751FED00EC8791 /* Files.cpp in Sources */,
				8B8816BD0A751FED00EC8791 /* Frame.cpp in Sources */,
				8B8816BE0A751FED00EC8791 /* GaussHermite.cpp in Sources */,
				8B8816BF0A751FED00EC8791 /* Gradient.cpp in Sources */,
				8B8816C00A751FED00EC8791 /* InputData.cpp in Sources */,
				8B8816C10A751FED00EC8791 /* Internals.cpp in Sources */,
				8B8816C20A751FED00EC8791 /* main.cpp in Sources */,
				8B8816C30A751FED00EC8791 /* Math3D.cpp in Sources */,
				8B8816C40A751FED00EC8791 /* MEP.cpp in Sources */,
				8B8816C50A751FED00EC8791 /* MMPPrefs.cpp in Sources */,
				8B8816C60A751FED00EC8791 /* MoleculeData.cpp in Sources */,
				8B8816C70A751FED00EC8791 /* mpGLCanvas.cpp in Sources */,
				8B8816C80A751FED00EC8791 /* orbitals.cpp in Sources */,
				8B8816C90A751FED00EC8791 /* Progress.cpp in Sources */,
				8B8816CA0A751FED00EC8791 /* RysPolynomial.cpp in Sources */,
				8B8816CB0A751FED00EC8791 /* SurfaceBase.cpp in Sources */,
				8B8816CC0A751FED00EC8791 /* SurfWin.cpp in Sources */,
				8B8816CD0A751FED00EC8791 /* VirtualSphere.cpp in Sources */,
				8B8816CE0A751FED00EC8791 /* wxFiles.cpp in Sources */,
				8B8816CF0A751FED00EC8791 /* XML.cpp in Sources */,
				8B8816D00A751FED00EC8791 /* MolDisplayWin.cpp in Sources */,
				8B8816D10A751FED00EC8791 /* OpenGLGraphics.cpp in Sources */,
				8B8816D20A751FED00EC8791 /* setscreenplane.cpp in Sources */,
				8B8816D30A751FED00EC8791 /* bondsdlg.cpp in Sources */,
				8B8816D40A751FED00EC8791 /* coordinateswindow.cpp in Sources */,
				8B8816D50A751FED00EC8791 /* llmdialog.cpp in Sources */,
				8B8816D60A751FED00EC8791 /* setbondlength.cpp in Sources */,
				8B8816D70A751FED00EC8791 /* appendframesoptions.cpp in Sources */,
				8B8816D80A751FED00EC8791 /* exportoptionsdialog.cpp in Sources */,
				8B8816D90A751FED00EC8791 /* printoptions.cpp in Sources */,
				8B8816DA0A751FED00EC8791 /* aboutwxmacmolplt.cpp in Sources */,
				8B8816DB0A751FED00EC8791 /* energyplotdialog.cpp in Sources */,
				8B8816DC0A751FED00EC8791 /* wxMolGraph.cpp in Sources */,
				8B8816DD0A751FED00EC8791 /* choosevecgroup.cpp in Sources */,
				8B8816DE0A751FED00EC8791 /* coordinateoffset.cpp in Sources */,
				8B8816DF0A751FED00EC8791 /* frameenergy.cpp in Sources */,
				8B8816E00A751FED00EC8791 /* setPreference.cpp in Sources */,
				8B8816E10A751FED00EC8791 /* frequenciesdialog.cpp in Sources */,
				8B8816E20A751FED00EC8791 /* myPrefs.cpp in Sources */,
				8B8816E30A751FED00EC8791 /* surfaceswindow.cpp in Sources */,
				8B8816E40A751FED00EC8791 /* colorArea.cpp in Sources */,
				8B8816E50A751FED00EC8791 /* inputbuilder.cpp in Sources */,
				8B8816E60A751FED00EC8791 /* surfaceDlg.cpp in Sources */,
				8B8816E70A751FED00EC8791 /* wxUglyChoice.cpp in Sources */,
				8B8816E80A751FED00EC8791 /* windowparameters.cpp in Sources */,
				8B8816E90A751FED00EC8791 /* zmatrixcalculator.cpp in Sources */,
				8B8816EA0A751FED00EC8791 /* glf.cpp in Sources */,
				8BE9976C0B70485700F48AA3 /* periodic_table_dlg.cpp in Sources */,
			);
			runOnlyForDeploymentPostprocessing = 0;
		};
/* End PBXSourcesBuildPhase section */

/* Begin XCBuildConfiguration section */
		1652DA0109D0AE7200B7783F /* Debug */ = {
			isa = XCBuildConfiguration;
			buildSettings = {
				COPY_PHASE_STRIP = NO;
			};
			name = Debug;
		};
		1652DA0209D0AE7200B7783F /* Release */ = {
			isa = XCBuildConfiguration;
			buildSettings = {
				COPY_PHASE_STRIP = YES;
			};
			name = Release;
		};
		1652DA1009D0AE8F00B7783F /* Debug */ = {
			isa = XCBuildConfiguration;
			buildSettings = {
				COPY_PHASE_STRIP = NO;
				GCC_DYNAMIC_NO_PIC = NO;
				GCC_ENABLE_FIX_AND_CONTINUE = YES;
				GCC_GENERATE_DEBUGGING_SYMBOLS = YES;
				GCC_MODEL_TUNING = "";
				GCC_OPTIMIZATION_LEVEL = 0;
				GCC_PRECOMPILE_PREFIX_HEADER = YES;
				GCC_PREFIX_HEADER = "$(SYSTEM_LIBRARY_DIR)/Frameworks/Carbon.framework/Headers/Carbon.h";
				INFOPLIST_FILE = resources/Info.plist;
				INSTALL_PATH = "$(HOME)/Applications";
				OBJROOT = "$(SYMROOT)";
				OTHER_CPLUSPLUSFLAGS = (
					"-I$(HOME)/software/wx/wx-debug/lib/wx/include/mac-unicode-debug-static-2.8",
					"-I$(HOME)/software/wx/wx-debug/include/wx-2.8",
					"-D__WXDEBUG__",
					"-D__WXMAC__",
					"-D_FILE_OFFSET_BITS=64",
					"-D_LARGE_FILES",
					"-DNO_GCC_PRAGMA",
				);
				OTHER_LDFLAGS = (
					"-L$(HOME)/software/wx/wx-debug/lib/",
					"-framework",
					QuickTime,
					"-framework",
					IOKit,
					"-framework",
					Carbon,
					"-framework",
					Cocoa,
					"-framework",
					System,
					"-lwx_base_carbonud-2.8",
					"-lwx_macud_core-2.8",
					"-lwx_macud_adv-2.8",
					"-lwx_macud_gl-2.8",
					"-lwxexpatd-2.8",
					"-lwxtiffd-2.8",
					"-lwxjpegd-2.8",
					"-lwxpngd-2.8",
					"-lz",
					"-lpthread",
					"-liconv",
					"-framework",
					WebKit,
					"-framework",
					OpenGL,
					"-framework",
					AGL,
				);
				PREBINDING = NO;
				PRODUCT_NAME = wxMacMolPlt;
				WRAPPER_EXTENSION = app;
				ZERO_LINK = NO;
			};
			name = Debug;
		};
		1652DA1109D0AE8F00B7783F /* Release */ = {
			isa = XCBuildConfiguration;
			buildSettings = {
				COPY_PHASE_STRIP = YES;
				GCC_ENABLE_FIX_AND_CONTINUE = NO;
				GCC_GENERATE_DEBUGGING_SYMBOLS = NO;
				GCC_MODEL_TUNING = G5;
				GCC_OPTIMIZATION_LEVEL = 0;
				GCC_PRECOMPILE_PREFIX_HEADER = YES;
				GCC_PREFIX_HEADER = "$(SYSTEM_LIBRARY_DIR)/Frameworks/Carbon.framework/Headers/Carbon.h";
				INFOPLIST_FILE = resources/Info.plist;
				INSTALL_PATH = "$(HOME)/Applications";
				OBJROOT = "$(SYMROOT)";
				OTHER_CPLUSPLUSFLAGS = (
					"-I$(HOME)/software/wx/wx-debug/lib/wx/include/mac-unicode-debug-static-2.8",
					"-I$(HOME)/software/wx/wx-debug/include/wx-2.8",
					"-D__WXDEBUG__",
					"-D__WXMAC__",
					"-D_FILE_OFFSET_BITS=64",
					"-D_LARGE_FILES",
					"-DNO_GCC_PRAGMA",
				);
				OTHER_LDFLAGS = (
					"-L$(HOME)/software/wx/wx-debug/lib/",
					"-framework",
					QuickTime,
					"-framework",
					IOKit,
					"-framework",
					Carbon,
					"-framework",
					Cocoa,
					"-framework",
					System,
					"-lwx_base_carbonud-2.8",
					"-lwx_macud_core-2.8",
					"-lwx_macud_adv-2.8",
					"-lwx_macud_gl-2.8",
					"-lwxexpatd-2.8",
					"-lwxtiffd-2.8",
					"-lwxjpegd-2.8",
					"-lwxpngd-2.8",
					"-lz",
					"-lpthread",
					"-liconv",
					"-framework",
					WebKit,
					"-framework",
					OpenGL,
					"-framework",
					AGL,
				);
				PREBINDING = NO;
				PRODUCT_NAME = wxMacMolPlt;
				WRAPPER_EXTENSION = app;
				ZERO_LINK = NO;
			};
			name = Release;
		};
		8B3B8B1F0A770A280041EA88 /* Debug */ = {
			isa = XCBuildConfiguration;
			buildSettings = {
				ARCHS = (
					i386,
					ppc,
				);
				COPY_PHASE_STRIP = NO;
				GCC_DYNAMIC_NO_PIC = NO;
				GCC_ENABLE_FIX_AND_CONTINUE = YES;
				GCC_GENERATE_DEBUGGING_SYMBOLS = YES;
				GCC_MODEL_TUNING = "";
				GCC_OPTIMIZATION_LEVEL = 0;
				GCC_PRECOMPILE_PREFIX_HEADER = YES;
				GCC_PREFIX_HEADER = "$(SYSTEM_LIBRARY_DIR)/Frameworks/Carbon.framework/Headers/Carbon.h";
				GCC_VERSION_i386 = 4.0;
				GCC_VERSION_ppc = 3.3;
				INFOPLIST_FILE = /Users/brett/software/wxMacMolPlt/resources/Info.plist;
				INSTALL_PATH = "$(HOME)/Applications";
				MACOSX_DEPLOYMENT_TARGET_i386 = 10.4;
				MACOSX_DEPLOYMENT_TARGET_ppc = 10.2;
				OBJROOT = "$(SYMROOT)";
				OTHER_CPLUSPLUSFLAGS = (
					"-I$(HOME)/software/wx/wx-universal/lib/",
					"-I$(HOME)/software/wx/wx-universal/include",
					"-D__WXMAC__",
					"-D_FILE_OFFSET_BITS=64",
					"-D_LARGE_FILES",
					"-DNO_GCC_PRAGMA",
				);
				OTHER_LDFLAGS = (
					"-L$(HOME)/software/wx/wx-universal/lib",
					"-framework",
					QuickTime,
					"-framework",
					IOKit,
					"-framework",
					Carbon,
					"-framework",
					Cocoa,
					"-framework",
					System,
					"-lwx_mac_static",
					"-lz",
					"-lpthread",
					"-liconv",
					"-framework",
					WebKit,
					"-framework",
					OpenGL,
					"-framework",
					AGL,
				);
				PREBINDING = NO;
				PRODUCT_NAME = wxMacMolPlt;
				SDKROOT = /Developer/SDKs/MacOSX10.4u.sdk;
				WRAPPER_EXTENSION = app;
				ZERO_LINK = NO;
			};
			name = Debug;
		};
		8B3B8B200A770A280041EA88 /* Release */ = {
			isa = XCBuildConfiguration;
			buildSettings = {
				ARCHS = (
					i386,
					ppc,
				);
				COPY_PHASE_STRIP = YES;
				GCC_ENABLE_FIX_AND_CONTINUE = NO;
				GCC_GENERATE_DEBUGGING_SYMBOLS = NO;
				GCC_MODEL_TUNING = G5;
				GCC_OPTIMIZATION_LEVEL = 3;
				GCC_PRECOMPILE_PREFIX_HEADER = YES;
				GCC_PREFIX_HEADER = "$(SYSTEM_LIBRARY_DIR)/Frameworks/Carbon.framework/Headers/Carbon.h";
				GCC_VERSION_i386 = 4.0;
				GCC_VERSION_ppc = 3.3;
				INFOPLIST_FILE = /Users/brett/software/wxMacMolPlt/resources/Info.plist;
				INSTALL_PATH = "$(HOME)/Applications";
				MACOSX_DEPLOYMENT_TARGET_i386 = 10.4;
				MACOSX_DEPLOYMENT_TARGET_ppc = 10.2;
				OBJROOT = "$(SYMROOT)";
				OTHER_CPLUSPLUSFLAGS = (
					"-I$(HOME)/software/wx/wx-universal/lib/",
					"-I$(HOME)/software/wx/wx-universal/include",
					"-D__WXMAC__",
					"-D_FILE_OFFSET_BITS=64",
					"-D_LARGE_FILES",
					"-DNO_GCC_PRAGMA",
				);
				OTHER_LDFLAGS = (
					"-L$(HOME)/software/wx/wx-universal/lib",
					"-framework",
					QuickTime,
					"-framework",
					IOKit,
					"-framework",
					Carbon,
					"-framework",
					Cocoa,
					"-framework",
					System,
					"-lwx_mac_static",
					"-lz",
					"-lpthread",
					"-liconv",
					"-framework",
					WebKit,
					"-framework",
					OpenGL,
					"-framework",
					AGL,
				);
				PREBINDING = NO;
				PRODUCT_NAME = wxMacMolPlt;
				SDKROOT = /Developer/SDKs/MacOSX10.4u.sdk;
				WRAPPER_EXTENSION = app;
				ZERO_LINK = NO;
			};
			name = Release;
		};
		8B8816ED0A751FED00EC8791 /* Debug */ = {
			isa = XCBuildConfiguration;
			buildSettings = {
				COPY_PHASE_STRIP = NO;
				GCC_DYNAMIC_NO_PIC = NO;
				GCC_ENABLE_FIX_AND_CONTINUE = YES;
				GCC_GENERATE_DEBUGGING_SYMBOLS = YES;
				GCC_MODEL_TUNING = "";
				GCC_OPTIMIZATION_LEVEL = 0;
				GCC_PRECOMPILE_PREFIX_HEADER = YES;
				GCC_PREFIX_HEADER = "$(SYSTEM_LIBRARY_DIR)/Frameworks/Carbon.framework/Headers/Carbon.h";
				INFOPLIST_FILE = "/Users/brett/software/wxMacMolPlt/resources/Info copy.plist";
				INSTALL_PATH = "$(HOME)/Applications";
				OBJROOT = "$(SYMROOT)";
				OTHER_CPLUSPLUSFLAGS = (
					"-I/Users/brett/software/wxWidgets-2.6.3/osx-build/lib/wx/include/mac-ansi-release-static-2.6",
					"-I/Users/brett/software/wxWidgets-2.6.3/include",
					"-I/Users/brett/software/wxWidgets-2.6.3/contrib/include",
					"-D__WXMAC__",
					"-D_FILE_OFFSET_BITS=64",
					"-D_LARGE_FILES",
					"-DNO_GCC_PRAGMA",
				);
				OTHER_LDFLAGS = (
					"-L/Users/brett/software/wxWidgets-2.6.3/osx-build/lib",
					"-framework",
					QuickTime,
					"-framework",
					IOKit,
					"-framework",
					Carbon,
					"-framework",
					Cocoa,
					"-framework",
					System,
					"-lwx_base_carbon-2.6",
					"-lwx_mac_core-2.6",
					"-lwx_mac_adv-2.6",
					"-lwx_mac_gl-2.6",
					"-lwxexpat-2.6",
					"-lwxtiff-2.6",
					"-lwxjpeg-2.6",
					"-lwxpng-2.6",
					"-lz",
					"-lpthread",
					"-liconv",
					"-framework",
					WebKit,
					"-framework",
					OpenGL,
					"-framework",
					AGL,
				);
				PREBINDING = NO;
				PRODUCT_NAME = wxMacMolPlt;
				WRAPPER_EXTENSION = app;
				ZERO_LINK = NO;
			};
			name = Debug;
		};
		8B8816EE0A751FED00EC8791 /* Release */ = {
			isa = XCBuildConfiguration;
			buildSettings = {
				COPY_PHASE_STRIP = YES;
				GCC_ENABLE_FIX_AND_CONTINUE = NO;
				GCC_GENERATE_DEBUGGING_SYMBOLS = NO;
				GCC_MODEL_TUNING = G4;
				GCC_OPTIMIZATION_LEVEL = 1;
				GCC_PRECOMPILE_PREFIX_HEADER = YES;
				GCC_PREFIX_HEADER = "$(SYSTEM_LIBRARY_DIR)/Frameworks/Carbon.framework/Headers/Carbon.h";
				GCC_VERSION_ppc = 3.3;
				INFOPLIST_FILE = "/Users/brett/software/wxMacMolPlt/resources/Info copy.plist";
				INSTALL_PATH = "$(HOME)/Applications";
				MACOSX_DEPLOYMENT_TARGET = "";
				OBJROOT = "$(SYMROOT)";
				OTHER_CPLUSPLUSFLAGS = (
					"-I/Users/brett/software/wxWidgets-2.6.3/osx-build/lib/wx/include/mac-ansi-release-static-2.6",
					"-I/Users/brett/software/wxWidgets-2.6.3/include",
					"-I/Users/brett/software/wxWidgets-2.6.3/contrib/include",
					"-D__WXMAC__",
					"-D_FILE_OFFSET_BITS=64",
					"-D_LARGE_FILES",
					"-DNO_GCC_PRAGMA",
				);
				OTHER_LDFLAGS = (
					"-L/Users/brett/software/wxWidgets-2.6.3/osx-build/lib",
					"-framework",
					QuickTime,
					"-framework",
					IOKit,
					"-framework",
					Carbon,
					"-framework",
					Cocoa,
					"-framework",
					System,
					"-lwx_base_carbon-2.6",
					"-lwx_mac_core-2.6",
					"-lwx_mac_adv-2.6",
					"-lwx_mac_gl-2.6",
					"-lwxexpat-2.6",
					"-lwxtiff-2.6",
					"-lwxjpeg-2.6",
					"-lwxpng-2.6",
					"-lz",
					"-lpthread",
					"-liconv",
					"-framework",
					WebKit,
					"-framework",
					OpenGL,
					"-framework",
					AGL,
				);
				PREBINDING = NO;
				PRODUCT_NAME = wxMacMolPlt;
				WRAPPER_EXTENSION = app;
				ZERO_LINK = NO;
			};
			name = Release;
		};
/* End XCBuildConfiguration section */

/* Begin XCConfigurationList section */
		1652DA0009D0AE7200B7783F /* Build configuration list for PBXProject "wxMacMolPlt" */ = {
			isa = XCConfigurationList;
			buildConfigurations = (
				1652DA0109D0AE7200B7783F /* Debug */,
				1652DA0209D0AE7200B7783F /* Release */,
			);
			defaultConfigurationIsVisible = 0;
			defaultConfigurationName = Release;
		};
		1652DA0F09D0AE8F00B7783F /* Build configuration list for PBXNativeTarget "wxMacMolPlt" */ = {
			isa = XCConfigurationList;
			buildConfigurations = (
				1652DA1009D0AE8F00B7783F /* Debug */,
				1652DA1109D0AE8F00B7783F /* Release */,
			);
			defaultConfigurationIsVisible = 0;
			defaultConfigurationName = Release;
		};
		8B3B8B1E0A770A280041EA88 /* Build configuration list for PBXNativeTarget "wxMacMolPlt Universal" */ = {
			isa = XCConfigurationList;
			buildConfigurations = (
				8B3B8B1F0A770A280041EA88 /* Debug */,
				8B3B8B200A770A280041EA88 /* Release */,
			);
			defaultConfigurationIsVisible = 0;
			defaultConfigurationName = Release;
		};
		8B8816EC0A751FED00EC8791 /* Build configuration list for PBXNativeTarget "wxMacMolPlt-ppc" */ = {
			isa = XCConfigurationList;
			buildConfigurations = (
				8B8816ED0A751FED00EC8791 /* Debug */,
				8B8816EE0A751FED00EC8791 /* Release */,
			);
			defaultConfigurationIsVisible = 0;
			defaultConfigurationName = Release;
		};
/* End XCConfigurationList section */
	};
	rootObject = 1652D9FF09D0AE7200B7783F /* Project object */;
}
